// !$*UTF8*$!
{
	archiveVersion = 1;
	classes = {
	};
	objectVersion = 55;
	objects = {

/* Begin PBXBuildFile section */
		D408C3FC277A573A0053B5F4 /* YAColor.swift in Sources */ = {isa = PBXBuildFile; fileRef = D408C3FB277A573A0053B5F4 /* YAColor.swift */; };
		D408C3FD277A573A0053B5F4 /* YAColor.swift in Sources */ = {isa = PBXBuildFile; fileRef = D408C3FB277A573A0053B5F4 /* YAColor.swift */; };
		D408C408277A6FEF0053B5F4 /* TumblerSelectorStateMachine.swift in Sources */ = {isa = PBXBuildFile; fileRef = D408C407277A6FEF0053B5F4 /* TumblerSelectorStateMachine.swift */; };
		D408C409277A6FEF0053B5F4 /* TumblerSelectorStateMachine.swift in Sources */ = {isa = PBXBuildFile; fileRef = D408C407277A6FEF0053B5F4 /* TumblerSelectorStateMachine.swift */; };
		D43BF2CD2789410D0035FDEA /* AppModel.swift in Sources */ = {isa = PBXBuildFile; fileRef = D43BF2CB2789410D0035FDEA /* AppModel.swift */; };
		D43BF2CE2789410D0035FDEA /* AppModel.swift in Sources */ = {isa = PBXBuildFile; fileRef = D43BF2CB2789410D0035FDEA /* AppModel.swift */; };
		D43BF2D7278942CB0035FDEA /* TumblerSettingsModels.swift in Sources */ = {isa = PBXBuildFile; fileRef = D43BF2D4278942CA0035FDEA /* TumblerSettingsModels.swift */; };
		D43BF2D8278942CB0035FDEA /* TumblerSettingsModels.swift in Sources */ = {isa = PBXBuildFile; fileRef = D43BF2D4278942CA0035FDEA /* TumblerSettingsModels.swift */; };
		D43BF2D9278942CB0035FDEA /* TumblerSettingsObservers.swift in Sources */ = {isa = PBXBuildFile; fileRef = D43BF2D5278942CA0035FDEA /* TumblerSettingsObservers.swift */; };
		D43BF2DA278942CB0035FDEA /* TumblerSettingsObservers.swift in Sources */ = {isa = PBXBuildFile; fileRef = D43BF2D5278942CA0035FDEA /* TumblerSettingsObservers.swift */; };
		D43BF2DB278942CB0035FDEA /* TumblerSettingsModel.swift in Sources */ = {isa = PBXBuildFile; fileRef = D43BF2D6278942CB0035FDEA /* TumblerSettingsModel.swift */; };
		D43BF2DC278942CB0035FDEA /* TumblerSettingsModel.swift in Sources */ = {isa = PBXBuildFile; fileRef = D43BF2D6278942CB0035FDEA /* TumblerSettingsModel.swift */; };
		D43BF2DE278943360035FDEA /* SaveLoad_Old.swift in Sources */ = {isa = PBXBuildFile; fileRef = D43BF2DD278943360035FDEA /* SaveLoad_Old.swift */; };
		D43BF2DF278943360035FDEA /* SaveLoad_Old.swift in Sources */ = {isa = PBXBuildFile; fileRef = D43BF2DD278943360035FDEA /* SaveLoad_Old.swift */; };
		D43BF2EE278A7E0B0035FDEA /* PlatterBelle.swift in Sources */ = {isa = PBXBuildFile; fileRef = D43BF2ED278A7E0B0035FDEA /* PlatterBelle.swift */; };
		D43BF2EF278A7E0B0035FDEA /* PlatterBelle.swift in Sources */ = {isa = PBXBuildFile; fileRef = D43BF2ED278A7E0B0035FDEA /* PlatterBelle.swift */; };
		D43BF2F3278B0FA50035FDEA /* DrawingBelle.swift in Sources */ = {isa = PBXBuildFile; fileRef = D43BF2EA278A7DB80035FDEA /* DrawingBelle.swift */; };
		D43BF2F4278B0FA60035FDEA /* DrawingBelle.swift in Sources */ = {isa = PBXBuildFile; fileRef = D43BF2EA278A7DB80035FDEA /* DrawingBelle.swift */; };
		D44373D327952681003561E2 /* TumblerSettingsViewInner1.swift in Sources */ = {isa = PBXBuildFile; fileRef = D44373D227952681003561E2 /* TumblerSettingsViewInner1.swift */; };
		D44373D427952681003561E2 /* TumblerSettingsViewInner1.swift in Sources */ = {isa = PBXBuildFile; fileRef = D44373D227952681003561E2 /* TumblerSettingsViewInner1.swift */; };
		D44373D6279526A9003561E2 /* TumblerSettingsViewInner2.swift in Sources */ = {isa = PBXBuildFile; fileRef = D44373D5279526A9003561E2 /* TumblerSettingsViewInner2.swift */; };
		D44373D7279526A9003561E2 /* TumblerSettingsViewInner2.swift in Sources */ = {isa = PBXBuildFile; fileRef = D44373D5279526A9003561E2 /* TumblerSettingsViewInner2.swift */; };
		D44373D927952704003561E2 /* TumblerSettingsViewInner3.swift in Sources */ = {isa = PBXBuildFile; fileRef = D44373D827952704003561E2 /* TumblerSettingsViewInner3.swift */; };
		D44373DA27952704003561E2 /* TumblerSettingsViewInner3.swift in Sources */ = {isa = PBXBuildFile; fileRef = D44373D827952704003561E2 /* TumblerSettingsViewInner3.swift */; };
		D44BF3EC2777D8D900E2FCE1 /* SpirokonApp.swift in Sources */ = {isa = PBXBuildFile; fileRef = D44BF3DC2777D8D800E2FCE1 /* SpirokonApp.swift */; };
		D44BF3ED2777D8D900E2FCE1 /* SpirokonApp.swift in Sources */ = {isa = PBXBuildFile; fileRef = D44BF3DC2777D8D800E2FCE1 /* SpirokonApp.swift */; };
		D44BF3EE2777D8D900E2FCE1 /* ContentView.swift in Sources */ = {isa = PBXBuildFile; fileRef = D44BF3DD2777D8D800E2FCE1 /* ContentView.swift */; };
		D44BF3EF2777D8D900E2FCE1 /* ContentView.swift in Sources */ = {isa = PBXBuildFile; fileRef = D44BF3DD2777D8D800E2FCE1 /* ContentView.swift */; };
		D44BF3F02777D8D900E2FCE1 /* Assets.xcassets in Resources */ = {isa = PBXBuildFile; fileRef = D44BF3DE2777D8D900E2FCE1 /* Assets.xcassets */; };
		D44BF3F12777D8D900E2FCE1 /* Assets.xcassets in Resources */ = {isa = PBXBuildFile; fileRef = D44BF3DE2777D8D900E2FCE1 /* Assets.xcassets */; };
		D44BF3FF2777D90400E2FCE1 /* PixoniaScene.swift in Sources */ = {isa = PBXBuildFile; fileRef = D44BF3FD2777D90400E2FCE1 /* PixoniaScene.swift */; };
		D44BF4002777D90400E2FCE1 /* PixoniaScene.swift in Sources */ = {isa = PBXBuildFile; fileRef = D44BF3FD2777D90400E2FCE1 /* PixoniaScene.swift */; };
		D44BF4012777D90400E2FCE1 /* PixoniaView.swift in Sources */ = {isa = PBXBuildFile; fileRef = D44BF3FE2777D90400E2FCE1 /* PixoniaView.swift */; };
		D44BF4022777D90400E2FCE1 /* PixoniaView.swift in Sources */ = {isa = PBXBuildFile; fileRef = D44BF3FE2777D90400E2FCE1 /* PixoniaView.swift */; };
		D44BF4532777D95000E2FCE1 /* Extensions.swift in Sources */ = {isa = PBXBuildFile; fileRef = D44BF4472777D95000E2FCE1 /* Extensions.swift */; };
		D44BF4542777D95000E2FCE1 /* Extensions.swift in Sources */ = {isa = PBXBuildFile; fileRef = D44BF4472777D95000E2FCE1 /* Extensions.swift */; };
		D44BF45A2777D97000E2FCE1 /* SpritePool.swift in Sources */ = {isa = PBXBuildFile; fileRef = D44BF4582777D97000E2FCE1 /* SpritePool.swift */; };
		D44BF45B2777D97000E2FCE1 /* SpritePool.swift in Sources */ = {isa = PBXBuildFile; fileRef = D44BF4582777D97000E2FCE1 /* SpritePool.swift */; };
		D44BF45C2777D97000E2FCE1 /* SpritePool.xcassets in Resources */ = {isa = PBXBuildFile; fileRef = D44BF4592777D97000E2FCE1 /* SpritePool.xcassets */; };
		D44BF45D2777D97000E2FCE1 /* SpritePool.xcassets in Resources */ = {isa = PBXBuildFile; fileRef = D44BF4592777D97000E2FCE1 /* SpritePool.xcassets */; };
		D44BF4FF2777DE5A00E2FCE1 /* TumblerSettingsSlider.swift in Sources */ = {isa = PBXBuildFile; fileRef = D44BF4FE2777DE5A00E2FCE1 /* TumblerSettingsSlider.swift */; };
		D44BF5002777DE5A00E2FCE1 /* TumblerSettingsSlider.swift in Sources */ = {isa = PBXBuildFile; fileRef = D44BF4FE2777DE5A00E2FCE1 /* TumblerSettingsSlider.swift */; };
		D44BF5562777E04900E2FCE1 /* TumblerSelectorView.swift in Sources */ = {isa = PBXBuildFile; fileRef = D44BF5552777E04900E2FCE1 /* TumblerSelectorView.swift */; };
		D44BF5572777E04900E2FCE1 /* TumblerSelectorView.swift in Sources */ = {isa = PBXBuildFile; fileRef = D44BF5552777E04900E2FCE1 /* TumblerSelectorView.swift */; };
		D44BF5922777E32700E2FCE1 /* TogglesView.swift in Sources */ = {isa = PBXBuildFile; fileRef = D44BF5912777E32700E2FCE1 /* TogglesView.swift */; };
		D44BF5932777E32700E2FCE1 /* TogglesView.swift in Sources */ = {isa = PBXBuildFile; fileRef = D44BF5912777E32700E2FCE1 /* TogglesView.swift */; };
		D44BF5A22777E65F00E2FCE1 /* README.md in Resources */ = {isa = PBXBuildFile; fileRef = D44BF59C2777E65F00E2FCE1 /* README.md */; };
		D44BF5A32777E65F00E2FCE1 /* .gitignore in Resources */ = {isa = PBXBuildFile; fileRef = D44BF59D2777E65F00E2FCE1 /* .gitignore */; };
		D44BF5A42777E65F00E2FCE1 /* .overcommit.yml in Resources */ = {isa = PBXBuildFile; fileRef = D44BF59E2777E65F00E2FCE1 /* .overcommit.yml */; };
		D44BF5A52777E65F00E2FCE1 /* LICENSE in Resources */ = {isa = PBXBuildFile; fileRef = D44BF59F2777E65F00E2FCE1 /* LICENSE */; };
		D44BF5AA2777E8FF00E2FCE1 /* .swiftlint.yml in Resources */ = {isa = PBXBuildFile; fileRef = D44BF5A82777E8FF00E2FCE1 /* .swiftlint.yml */; };
		D44BF5AB2777E8FF00E2FCE1 /* swiftlint.sh in Resources */ = {isa = PBXBuildFile; fileRef = D44BF5A92777E8FF00E2FCE1 /* swiftlint.sh */; };
		D45A93E9277E64E00007401E /* Animator.swift in Sources */ = {isa = PBXBuildFile; fileRef = D45A93E8277E64E00007401E /* Animator.swift */; };
		D45A93EA277E64E00007401E /* Animator.swift in Sources */ = {isa = PBXBuildFile; fileRef = D45A93E8277E64E00007401E /* Animator.swift */; };
		D46A671E278E7404003581D4 /* Pixie.swift in Sources */ = {isa = PBXBuildFile; fileRef = D46A671D278E7404003581D4 /* Pixie.swift */; };
		D46A671F278E7404003581D4 /* Pixie.swift in Sources */ = {isa = PBXBuildFile; fileRef = D46A671D278E7404003581D4 /* Pixie.swift */; };
		D46BEC92278B4E570031DA90 /* AppDefinitions.swift in Sources */ = {isa = PBXBuildFile; fileRef = D46BEC91278B4E570031DA90 /* AppDefinitions.swift */; };
		D46BEC93278B4E570031DA90 /* AppDefinitions.swift in Sources */ = {isa = PBXBuildFile; fileRef = D46BEC91278B4E570031DA90 /* AppDefinitions.swift */; };
		D46BEC9E278BE1DD0031DA90 /* PixieHarness.swift in Sources */ = {isa = PBXBuildFile; fileRef = D46BEC9D278BE1DD0031DA90 /* PixieHarness.swift */; };
		D46BEC9F278BE1DD0031DA90 /* PixieHarness.swift in Sources */ = {isa = PBXBuildFile; fileRef = D46BEC9D278BE1DD0031DA90 /* PixieHarness.swift */; };
		D47A83FB27961F8F00E6123C /* ContentView_Phone.swift in Sources */ = {isa = PBXBuildFile; fileRef = D47A83FA27961F8F00E6123C /* ContentView_Phone.swift */; };
		D47A83FC27961F8F00E6123C /* ContentView_Phone.swift in Sources */ = {isa = PBXBuildFile; fileRef = D47A83FA27961F8F00E6123C /* ContentView_Phone.swift */; };
		D47A855D27977A1500E6123C /* SaveLoad.swift in Sources */ = {isa = PBXBuildFile; fileRef = D47A855C27977A1500E6123C /* SaveLoad.swift */; };
		D47A855E27977A1500E6123C /* SaveLoad.swift in Sources */ = {isa = PBXBuildFile; fileRef = D47A855C27977A1500E6123C /* SaveLoad.swift */; };
		D47A856027977CAA00E6123C /* ArenaDiagram.swift in Sources */ = {isa = PBXBuildFile; fileRef = D47A855F27977CAA00E6123C /* ArenaDiagram.swift */; };
		D47A856127977CAA00E6123C /* ArenaDiagram.swift in Sources */ = {isa = PBXBuildFile; fileRef = D47A855F27977CAA00E6123C /* ArenaDiagram.swift */; };
		D48A90A22781DFF400884540 /* Easing in Frameworks */ = {isa = PBXBuildFile; productRef = D48A90A12781DFF400884540 /* Easing */; };
		D4A7F91E27925AD5006BE6F9 /* Belle.swift in Sources */ = {isa = PBXBuildFile; fileRef = D4A7F91D27925AD5006BE6F9 /* Belle.swift */; };
		D4A7F91F27925AD5006BE6F9 /* Belle.swift in Sources */ = {isa = PBXBuildFile; fileRef = D4A7F91D27925AD5006BE6F9 /* Belle.swift */; };
		D4A7F92527926ADC006BE6F9 /* Easing in Frameworks */ = {isa = PBXBuildFile; productRef = D4A7F92427926ADC006BE6F9 /* Easing */; };
		D4C19ECE277FDE73000E7A4B /* TumblerSettingsSliders.swift in Sources */ = {isa = PBXBuildFile; fileRef = D4C19ECD277FDE73000E7A4B /* TumblerSettingsSliders.swift */; };
		D4C19ECF277FDE73000E7A4B /* TumblerSettingsSliders.swift in Sources */ = {isa = PBXBuildFile; fileRef = D4C19ECD277FDE73000E7A4B /* TumblerSettingsSliders.swift */; };
		D4D33BF32785FE7C0027A66E /* SliderStepPicker.swift in Sources */ = {isa = PBXBuildFile; fileRef = D4D33BF22785FE7C0027A66E /* SliderStepPicker.swift */; };
		D4D33BF42785FE7C0027A66E /* SliderStepPicker.swift in Sources */ = {isa = PBXBuildFile; fileRef = D4D33BF22785FE7C0027A66E /* SliderStepPicker.swift */; };
		D4D33BF6278610DF0027A66E /* RollRelationshipPicker.swift in Sources */ = {isa = PBXBuildFile; fileRef = D4D33BF5278610DF0027A66E /* RollRelationshipPicker.swift */; };
		D4D33BF7278610DF0027A66E /* RollRelationshipPicker.swift in Sources */ = {isa = PBXBuildFile; fileRef = D4D33BF5278610DF0027A66E /* RollRelationshipPicker.swift */; };
		D4DBEF772795F17D0077E3BC /* ContentView_HPhone.swift in Sources */ = {isa = PBXBuildFile; fileRef = D4DBEF762795F17D0077E3BC /* ContentView_HPhone.swift */; };
		D4DBEF782795F17D0077E3BC /* ContentView_HPhone.swift in Sources */ = {isa = PBXBuildFile; fileRef = D4DBEF762795F17D0077E3BC /* ContentView_HPhone.swift */; };
		D4DBEF7A2795F5950077E3BC /* DeviceOrientation.swift in Sources */ = {isa = PBXBuildFile; fileRef = D4DBEF792795F5950077E3BC /* DeviceOrientation.swift */; };
		D4DBEF7B2795F5950077E3BC /* DeviceOrientation.swift in Sources */ = {isa = PBXBuildFile; fileRef = D4DBEF792795F5950077E3BC /* DeviceOrientation.swift */; };
		D4DBEF7D2795F69D0077E3BC /* ContentView_VPhone.swift in Sources */ = {isa = PBXBuildFile; fileRef = D4DBEF7C2795F69D0077E3BC /* ContentView_VPhone.swift */; };
		D4DBEF7E2795F69D0077E3BC /* ContentView_VPhone.swift in Sources */ = {isa = PBXBuildFile; fileRef = D4DBEF7C2795F69D0077E3BC /* ContentView_VPhone.swift */; };
		D4F4BB76277C8B270049035F /* UnitCircle.swift in Sources */ = {isa = PBXBuildFile; fileRef = D4F4BB75277C8B270049035F /* UnitCircle.swift */; };
		D4F4BB77277C8B270049035F /* UnitCircle.swift in Sources */ = {isa = PBXBuildFile; fileRef = D4F4BB75277C8B270049035F /* UnitCircle.swift */; };
		D4F4BBAF277CF7B00049035F /* TumblerSettingsViewInner.swift in Sources */ = {isa = PBXBuildFile; fileRef = D4F4BBAE277CF7B00049035F /* TumblerSettingsViewInner.swift */; };
		D4F4BBB0277CF7B00049035F /* TumblerSettingsViewInner.swift in Sources */ = {isa = PBXBuildFile; fileRef = D4F4BBAE277CF7B00049035F /* TumblerSettingsViewInner.swift */; };
		D4F4BBB5277CFD5A0049035F /* TumblerSettingsViewOuter.swift in Sources */ = {isa = PBXBuildFile; fileRef = D4F4BBB4277CFD5A0049035F /* TumblerSettingsViewOuter.swift */; };
		D4F4BBB6277CFD5A0049035F /* TumblerSettingsViewOuter.swift in Sources */ = {isa = PBXBuildFile; fileRef = D4F4BBB4277CFD5A0049035F /* TumblerSettingsViewOuter.swift */; };
		D4F4BBCD277D001E0049035F /* RollModePicker.swift in Sources */ = {isa = PBXBuildFile; fileRef = D4F4BBCC277D001E0049035F /* RollModePicker.swift */; };
		D4F4BBCE277D001E0049035F /* RollModePicker.swift in Sources */ = {isa = PBXBuildFile; fileRef = D4F4BBCC277D001E0049035F /* RollModePicker.swift */; };
/* End PBXBuildFile section */

/* Begin PBXFileReference section */
		D408C3FB277A573A0053B5F4 /* YAColor.swift */ = {isa = PBXFileReference; fileEncoding = 4; lastKnownFileType = sourcecode.swift; path = YAColor.swift; sourceTree = "<group>"; };
		D408C407277A6FEF0053B5F4 /* TumblerSelectorStateMachine.swift */ = {isa = PBXFileReference; lastKnownFileType = sourcecode.swift; path = TumblerSelectorStateMachine.swift; sourceTree = "<group>"; };
		D43BF2CB2789410D0035FDEA /* AppModel.swift */ = {isa = PBXFileReference; fileEncoding = 4; lastKnownFileType = sourcecode.swift; path = AppModel.swift; sourceTree = "<group>"; };
		D43BF2D1278941DC0035FDEA /* PenAxisPicker.swift */ = {isa = PBXFileReference; fileEncoding = 4; lastKnownFileType = sourcecode.swift; path = PenAxisPicker.swift; sourceTree = "<group>"; };
		D43BF2D4278942CA0035FDEA /* TumblerSettingsModels.swift */ = {isa = PBXFileReference; fileEncoding = 4; lastKnownFileType = sourcecode.swift; path = TumblerSettingsModels.swift; sourceTree = "<group>"; };
		D43BF2D5278942CA0035FDEA /* TumblerSettingsObservers.swift */ = {isa = PBXFileReference; fileEncoding = 4; lastKnownFileType = sourcecode.swift; path = TumblerSettingsObservers.swift; sourceTree = "<group>"; };
		D43BF2D6278942CB0035FDEA /* TumblerSettingsModel.swift */ = {isa = PBXFileReference; fileEncoding = 4; lastKnownFileType = sourcecode.swift; path = TumblerSettingsModel.swift; sourceTree = "<group>"; };
		D43BF2DD278943360035FDEA /* SaveLoad_Old.swift */ = {isa = PBXFileReference; fileEncoding = 4; lastKnownFileType = sourcecode.swift; path = SaveLoad_Old.swift; sourceTree = "<group>"; };
		D43BF2EA278A7DB80035FDEA /* DrawingBelle.swift */ = {isa = PBXFileReference; lastKnownFileType = sourcecode.swift; path = DrawingBelle.swift; sourceTree = "<group>"; };
		D43BF2ED278A7E0B0035FDEA /* PlatterBelle.swift */ = {isa = PBXFileReference; lastKnownFileType = sourcecode.swift; path = PlatterBelle.swift; sourceTree = "<group>"; };
		D44373D227952681003561E2 /* TumblerSettingsViewInner1.swift */ = {isa = PBXFileReference; lastKnownFileType = sourcecode.swift; path = TumblerSettingsViewInner1.swift; sourceTree = "<group>"; };
		D44373D5279526A9003561E2 /* TumblerSettingsViewInner2.swift */ = {isa = PBXFileReference; lastKnownFileType = sourcecode.swift; path = TumblerSettingsViewInner2.swift; sourceTree = "<group>"; };
		D44373D827952704003561E2 /* TumblerSettingsViewInner3.swift */ = {isa = PBXFileReference; lastKnownFileType = sourcecode.swift; path = TumblerSettingsViewInner3.swift; sourceTree = "<group>"; };
		D44BF3DC2777D8D800E2FCE1 /* SpirokonApp.swift */ = {isa = PBXFileReference; lastKnownFileType = sourcecode.swift; path = SpirokonApp.swift; sourceTree = "<group>"; };
		D44BF3DD2777D8D800E2FCE1 /* ContentView.swift */ = {isa = PBXFileReference; lastKnownFileType = sourcecode.swift; path = ContentView.swift; sourceTree = "<group>"; };
		D44BF3DE2777D8D900E2FCE1 /* Assets.xcassets */ = {isa = PBXFileReference; lastKnownFileType = folder.assetcatalog; path = Assets.xcassets; sourceTree = "<group>"; };
		D44BF3E32777D8D900E2FCE1 /* Spirokon.app */ = {isa = PBXFileReference; explicitFileType = wrapper.application; includeInIndex = 0; path = Spirokon.app; sourceTree = BUILT_PRODUCTS_DIR; };
		D44BF3E92777D8D900E2FCE1 /* Spirokon.app */ = {isa = PBXFileReference; explicitFileType = wrapper.application; includeInIndex = 0; path = Spirokon.app; sourceTree = BUILT_PRODUCTS_DIR; };
		D44BF3EB2777D8D900E2FCE1 /* macOS.entitlements */ = {isa = PBXFileReference; lastKnownFileType = text.plist.entitlements; path = macOS.entitlements; sourceTree = "<group>"; };
		D44BF3FD2777D90400E2FCE1 /* PixoniaScene.swift */ = {isa = PBXFileReference; fileEncoding = 4; lastKnownFileType = sourcecode.swift; path = PixoniaScene.swift; sourceTree = "<group>"; };
		D44BF3FE2777D90400E2FCE1 /* PixoniaView.swift */ = {isa = PBXFileReference; fileEncoding = 4; lastKnownFileType = sourcecode.swift; path = PixoniaView.swift; sourceTree = "<group>"; };
		D44BF4472777D95000E2FCE1 /* Extensions.swift */ = {isa = PBXFileReference; fileEncoding = 4; lastKnownFileType = sourcecode.swift; path = Extensions.swift; sourceTree = "<group>"; };
		D44BF4582777D97000E2FCE1 /* SpritePool.swift */ = {isa = PBXFileReference; fileEncoding = 4; lastKnownFileType = sourcecode.swift; path = SpritePool.swift; sourceTree = "<group>"; };
		D44BF4592777D97000E2FCE1 /* SpritePool.xcassets */ = {isa = PBXFileReference; lastKnownFileType = folder.assetcatalog; path = SpritePool.xcassets; sourceTree = "<group>"; };
		D44BF4FE2777DE5A00E2FCE1 /* TumblerSettingsSlider.swift */ = {isa = PBXFileReference; lastKnownFileType = sourcecode.swift; path = TumblerSettingsSlider.swift; sourceTree = "<group>"; };
		D44BF5552777E04900E2FCE1 /* TumblerSelectorView.swift */ = {isa = PBXFileReference; fileEncoding = 4; lastKnownFileType = sourcecode.swift; path = TumblerSelectorView.swift; sourceTree = "<group>"; };
		D44BF5912777E32700E2FCE1 /* TogglesView.swift */ = {isa = PBXFileReference; fileEncoding = 4; lastKnownFileType = sourcecode.swift; path = TogglesView.swift; sourceTree = "<group>"; };
		D44BF59C2777E65F00E2FCE1 /* README.md */ = {isa = PBXFileReference; fileEncoding = 4; lastKnownFileType = net.daringfireball.markdown; name = README.md; path = ../README.md; sourceTree = "<group>"; };
		D44BF59D2777E65F00E2FCE1 /* .gitignore */ = {isa = PBXFileReference; fileEncoding = 4; lastKnownFileType = text; name = .gitignore; path = ../.gitignore; sourceTree = "<group>"; };
		D44BF59E2777E65F00E2FCE1 /* .overcommit.yml */ = {isa = PBXFileReference; fileEncoding = 4; lastKnownFileType = text.yaml; name = .overcommit.yml; path = ../.overcommit.yml; sourceTree = "<group>"; };
		D44BF59F2777E65F00E2FCE1 /* LICENSE */ = {isa = PBXFileReference; fileEncoding = 4; lastKnownFileType = text; name = LICENSE; path = ../LICENSE; sourceTree = "<group>"; };
		D44BF5A82777E8FF00E2FCE1 /* .swiftlint.yml */ = {isa = PBXFileReference; fileEncoding = 4; lastKnownFileType = text.yaml; path = .swiftlint.yml; sourceTree = "<group>"; };
		D44BF5A92777E8FF00E2FCE1 /* swiftlint.sh */ = {isa = PBXFileReference; fileEncoding = 4; lastKnownFileType = text.script.sh; path = swiftlint.sh; sourceTree = "<group>"; };
		D45A93E8277E64E00007401E /* Animator.swift */ = {isa = PBXFileReference; lastKnownFileType = sourcecode.swift; path = Animator.swift; sourceTree = "<group>"; };
		D46A671D278E7404003581D4 /* Pixie.swift */ = {isa = PBXFileReference; lastKnownFileType = sourcecode.swift; path = Pixie.swift; sourceTree = "<group>"; };
		D46BEC91278B4E570031DA90 /* AppDefinitions.swift */ = {isa = PBXFileReference; fileEncoding = 4; lastKnownFileType = sourcecode.swift; path = AppDefinitions.swift; sourceTree = "<group>"; };
		D46BEC9D278BE1DD0031DA90 /* PixieHarness.swift */ = {isa = PBXFileReference; lastKnownFileType = sourcecode.swift; path = PixieHarness.swift; sourceTree = "<group>"; };
		D47A83FA27961F8F00E6123C /* ContentView_Phone.swift */ = {isa = PBXFileReference; lastKnownFileType = sourcecode.swift; path = ContentView_Phone.swift; sourceTree = "<group>"; };
		D47A8400279627F000E6123C /* disable-swiftlint.jpg */ = {isa = PBXFileReference; lastKnownFileType = image.jpeg; path = "disable-swiftlint.jpg"; sourceTree = "<group>"; };
		D47A855C27977A1500E6123C /* SaveLoad.swift */ = {isa = PBXFileReference; fileEncoding = 4; lastKnownFileType = sourcecode.swift; path = SaveLoad.swift; sourceTree = "<group>"; };
		D47A855F27977CAA00E6123C /* ArenaDiagram.swift */ = {isa = PBXFileReference; fileEncoding = 4; lastKnownFileType = sourcecode.swift; path = ArenaDiagram.swift; sourceTree = "<group>"; };
		D4A7F91D27925AD5006BE6F9 /* Belle.swift */ = {isa = PBXFileReference; fileEncoding = 4; lastKnownFileType = sourcecode.swift; path = Belle.swift; sourceTree = "<group>"; };
		D4C19ECD277FDE73000E7A4B /* TumblerSettingsSliders.swift */ = {isa = PBXFileReference; lastKnownFileType = sourcecode.swift; path = TumblerSettingsSliders.swift; sourceTree = "<group>"; };
		D4D33BF22785FE7C0027A66E /* SliderStepPicker.swift */ = {isa = PBXFileReference; lastKnownFileType = sourcecode.swift; path = SliderStepPicker.swift; sourceTree = "<group>"; };
		D4D33BF5278610DF0027A66E /* RollRelationshipPicker.swift */ = {isa = PBXFileReference; lastKnownFileType = sourcecode.swift; path = RollRelationshipPicker.swift; sourceTree = "<group>"; };
		D4DBEF762795F17D0077E3BC /* ContentView_HPhone.swift */ = {isa = PBXFileReference; fileEncoding = 4; lastKnownFileType = sourcecode.swift; path = ContentView_HPhone.swift; sourceTree = "<group>"; };
		D4DBEF792795F5950077E3BC /* DeviceOrientation.swift */ = {isa = PBXFileReference; lastKnownFileType = sourcecode.swift; path = DeviceOrientation.swift; sourceTree = "<group>"; };
		D4DBEF7C2795F69D0077E3BC /* ContentView_VPhone.swift */ = {isa = PBXFileReference; fileEncoding = 4; lastKnownFileType = sourcecode.swift; path = ContentView_VPhone.swift; sourceTree = "<group>"; };
		D4F4BB75277C8B270049035F /* UnitCircle.swift */ = {isa = PBXFileReference; fileEncoding = 4; lastKnownFileType = sourcecode.swift; path = UnitCircle.swift; sourceTree = "<group>"; };
		D4F4BBAE277CF7B00049035F /* TumblerSettingsViewInner.swift */ = {isa = PBXFileReference; lastKnownFileType = sourcecode.swift; path = TumblerSettingsViewInner.swift; sourceTree = "<group>"; };
		D4F4BBB4277CFD5A0049035F /* TumblerSettingsViewOuter.swift */ = {isa = PBXFileReference; lastKnownFileType = sourcecode.swift; path = TumblerSettingsViewOuter.swift; sourceTree = "<group>"; };
		D4F4BBCC277D001E0049035F /* RollModePicker.swift */ = {isa = PBXFileReference; fileEncoding = 4; lastKnownFileType = sourcecode.swift; path = RollModePicker.swift; sourceTree = "<group>"; };
/* End PBXFileReference section */

/* Begin PBXFrameworksBuildPhase section */
		D44BF3E02777D8D900E2FCE1 /* Frameworks */ = {
			isa = PBXFrameworksBuildPhase;
			buildActionMask = 2147483647;
			files = (
				D48A90A22781DFF400884540 /* Easing in Frameworks */,
			);
			runOnlyForDeploymentPostprocessing = 0;
		};
		D44BF3E62777D8D900E2FCE1 /* Frameworks */ = {
			isa = PBXFrameworksBuildPhase;
			buildActionMask = 2147483647;
			files = (
				D4A7F92527926ADC006BE6F9 /* Easing in Frameworks */,
			);
			runOnlyForDeploymentPostprocessing = 0;
		};
/* End PBXFrameworksBuildPhase section */

/* Begin PBXGroup section */
		D43BF2E0278945170035FDEA /* Pixonia */ = {
			isa = PBXGroup;
			children = (
				D4A7F91D27925AD5006BE6F9 /* Belle.swift */,
				D43BF2EA278A7DB80035FDEA /* DrawingBelle.swift */,
				D46A671D278E7404003581D4 /* Pixie.swift */,
				D46BEC9D278BE1DD0031DA90 /* PixieHarness.swift */,
				D44BF3FD2777D90400E2FCE1 /* PixoniaScene.swift */,
				D44BF3FE2777D90400E2FCE1 /* PixoniaView.swift */,
				D43BF2ED278A7E0B0035FDEA /* PlatterBelle.swift */,
			);
			path = Pixonia;
			sourceTree = "<group>";
		};
		D44BF3D62777D8D800E2FCE1 = {
			isa = PBXGroup;
			children = (
				D44BF59D2777E65F00E2FCE1 /* .gitignore */,
				D44BF59E2777E65F00E2FCE1 /* .overcommit.yml */,
				D44BF5A82777E8FF00E2FCE1 /* .swiftlint.yml */,
				D44BF59F2777E65F00E2FCE1 /* LICENSE */,
				D44BF59C2777E65F00E2FCE1 /* README.md */,
				D44BF5A92777E8FF00E2FCE1 /* swiftlint.sh */,
				D44BF3DB2777D8D800E2FCE1 /* Shared */,
				D44BF3EA2777D8D900E2FCE1 /* macOS */,
				D44BF3E42777D8D900E2FCE1 /* Products */,
				D4A7F92327926ADC006BE6F9 /* Frameworks */,
			);
			sourceTree = "<group>";
		};
		D44BF3DB2777D8D800E2FCE1 /* Shared */ = {
			isa = PBXGroup;
			children = (
				D46BEC91278B4E570031DA90 /* AppDefinitions.swift */,
				D43BF2CB2789410D0035FDEA /* AppModel.swift */,
				D47A855F27977CAA00E6123C /* ArenaDiagram.swift */,
				D44BF3DD2777D8D800E2FCE1 /* ContentView.swift */,
				D4DBEF762795F17D0077E3BC /* ContentView_HPhone.swift */,
				D47A83FA27961F8F00E6123C /* ContentView_Phone.swift */,
				D4DBEF7C2795F69D0077E3BC /* ContentView_VPhone.swift */,
				D4DBEF792795F5950077E3BC /* DeviceOrientation.swift */,
				D47A855C27977A1500E6123C /* SaveLoad.swift */,
				D43BF2DD278943360035FDEA /* SaveLoad_Old.swift */,
				D44BF3DC2777D8D800E2FCE1 /* SpirokonApp.swift */,
				D44BF5912777E32700E2FCE1 /* TogglesView.swift */,
				D44BF3DE2777D8D900E2FCE1 /* Assets.xcassets */,
				D47A83FD2796268100E6123C /* Doc */,
				D47421FE278FF0A600C6A2DB /* Pickers */,
				D43BF2E0278945170035FDEA /* Pixonia */,
				D44BF4412777D94000E2FCE1 /* Primitives */,
				D44BF4572777D96200E2FCE1 /* SpriteKit */,
				D47421FD278FEFFB00C6A2DB /* Tumblers */,
			);
			path = Shared;
			sourceTree = "<group>";
		};
		D44BF3E42777D8D900E2FCE1 /* Products */ = {
			isa = PBXGroup;
			children = (
				D44BF3E32777D8D900E2FCE1 /* Spirokon.app */,
				D44BF3E92777D8D900E2FCE1 /* Spirokon.app */,
			);
			name = Products;
			sourceTree = "<group>";
		};
		D44BF3EA2777D8D900E2FCE1 /* macOS */ = {
			isa = PBXGroup;
			children = (
				D44BF3EB2777D8D900E2FCE1 /* macOS.entitlements */,
			);
			path = macOS;
			sourceTree = "<group>";
		};
		D44BF4412777D94000E2FCE1 /* Primitives */ = {
			isa = PBXGroup;
			children = (
				D45A93E8277E64E00007401E /* Animator.swift */,
				D44BF4472777D95000E2FCE1 /* Extensions.swift */,
				D4F4BB75277C8B270049035F /* UnitCircle.swift */,
				D408C3FB277A573A0053B5F4 /* YAColor.swift */,
			);
			path = Primitives;
			sourceTree = "<group>";
		};
		D44BF4572777D96200E2FCE1 /* SpriteKit */ = {
			isa = PBXGroup;
			children = (
				D44BF4582777D97000E2FCE1 /* SpritePool.swift */,
				D44BF4592777D97000E2FCE1 /* SpritePool.xcassets */,
			);
			path = SpriteKit;
			sourceTree = "<group>";
		};
		D47421FD278FEFFB00C6A2DB /* Tumblers */ = {
			isa = PBXGroup;
			children = (
				D408C407277A6FEF0053B5F4 /* TumblerSelectorStateMachine.swift */,
				D44BF5552777E04900E2FCE1 /* TumblerSelectorView.swift */,
				D43BF2D6278942CB0035FDEA /* TumblerSettingsModel.swift */,
				D43BF2D4278942CA0035FDEA /* TumblerSettingsModels.swift */,
				D43BF2D5278942CA0035FDEA /* TumblerSettingsObservers.swift */,
				D44BF4FE2777DE5A00E2FCE1 /* TumblerSettingsSlider.swift */,
				D4C19ECD277FDE73000E7A4B /* TumblerSettingsSliders.swift */,
				D4F4BBAE277CF7B00049035F /* TumblerSettingsViewInner.swift */,
				D44373D227952681003561E2 /* TumblerSettingsViewInner1.swift */,
				D44373D5279526A9003561E2 /* TumblerSettingsViewInner2.swift */,
				D44373D827952704003561E2 /* TumblerSettingsViewInner3.swift */,
				D4F4BBB4277CFD5A0049035F /* TumblerSettingsViewOuter.swift */,
			);
			path = Tumblers;
			sourceTree = "<group>";
		};
		D47421FE278FF0A600C6A2DB /* Pickers */ = {
			isa = PBXGroup;
			children = (
				D43BF2D1278941DC0035FDEA /* PenAxisPicker.swift */,
				D4F4BBCC277D001E0049035F /* RollModePicker.swift */,
				D4D33BF5278610DF0027A66E /* RollRelationshipPicker.swift */,
				D4D33BF22785FE7C0027A66E /* SliderStepPicker.swift */,
			);
			path = Pickers;
			sourceTree = "<group>";
		};
		D47A83FD2796268100E6123C /* Doc */ = {
			isa = PBXGroup;
			children = (
				D47A8400279627F000E6123C /* disable-swiftlint.jpg */,
			);
			path = Doc;
			sourceTree = "<group>";
		};
		D4A7F92327926ADC006BE6F9 /* Frameworks */ = {
			isa = PBXGroup;
			children = (
			);
			name = Frameworks;
			sourceTree = "<group>";
		};
/* End PBXGroup section */

/* Begin PBXNativeTarget section */
		D44BF3E22777D8D900E2FCE1 /* Spirokon (iOS) */ = {
			isa = PBXNativeTarget;
			buildConfigurationList = D44BF3F42777D8D900E2FCE1 /* Build configuration list for PBXNativeTarget "Spirokon (iOS)" */;
			buildPhases = (
				D44BF5A62777E73700E2FCE1 /* ShellScript */,
				D44BF3DF2777D8D900E2FCE1 /* Sources */,
				D44BF3E02777D8D900E2FCE1 /* Frameworks */,
				D44BF3E12777D8D900E2FCE1 /* Resources */,
			);
			buildRules = (
			);
			dependencies = (
			);
			name = "Spirokon (iOS)";
			packageProductDependencies = (
				D48A90A12781DFF400884540 /* Easing */,
			);
			productName = "Spirokon (iOS)";
			productReference = D44BF3E32777D8D900E2FCE1 /* Spirokon.app */;
			productType = "com.apple.product-type.application";
		};
		D44BF3E82777D8D900E2FCE1 /* Spirokon (macOS) */ = {
			isa = PBXNativeTarget;
			buildConfigurationList = D44BF3F72777D8D900E2FCE1 /* Build configuration list for PBXNativeTarget "Spirokon (macOS)" */;
			buildPhases = (
				D44BF3E52777D8D900E2FCE1 /* Sources */,
				D44BF3E62777D8D900E2FCE1 /* Frameworks */,
				D44BF3E72777D8D900E2FCE1 /* Resources */,
				D44BF5A72777E77400E2FCE1 /* ShellScript */,
			);
			buildRules = (
			);
			dependencies = (
			);
			name = "Spirokon (macOS)";
			packageProductDependencies = (
				D4A7F92427926ADC006BE6F9 /* Easing */,
			);
			productName = "Spirokon (macOS)";
			productReference = D44BF3E92777D8D900E2FCE1 /* Spirokon.app */;
			productType = "com.apple.product-type.application";
		};
/* End PBXNativeTarget section */

/* Begin PBXProject section */
		D44BF3D72777D8D800E2FCE1 /* Project object */ = {
			isa = PBXProject;
			attributes = {
				BuildIndependentTargetsInParallel = 1;
				LastSwiftUpdateCheck = 1320;
				LastUpgradeCheck = 1320;
				TargetAttributes = {
					D44BF3E22777D8D900E2FCE1 = {
						CreatedOnToolsVersion = 13.2.1;
					};
					D44BF3E82777D8D900E2FCE1 = {
						CreatedOnToolsVersion = 13.2.1;
					};
				};
			};
			buildConfigurationList = D44BF3DA2777D8D800E2FCE1 /* Build configuration list for PBXProject "Spirokon" */;
			compatibilityVersion = "Xcode 13.0";
			developmentRegion = en;
			hasScannedForEncodings = 0;
			knownRegions = (
				en,
				Base,
			);
			mainGroup = D44BF3D62777D8D800E2FCE1;
			packageReferences = (
				D48A90A02781DFF400884540 /* XCRemoteSwiftPackageReference "Easing" */,
			);
			productRefGroup = D44BF3E42777D8D900E2FCE1 /* Products */;
			projectDirPath = "";
			projectRoot = "";
			targets = (
				D44BF3E22777D8D900E2FCE1 /* Spirokon (iOS) */,
				D44BF3E82777D8D900E2FCE1 /* Spirokon (macOS) */,
			);
		};
/* End PBXProject section */

/* Begin PBXResourcesBuildPhase section */
		D44BF3E12777D8D900E2FCE1 /* Resources */ = {
			isa = PBXResourcesBuildPhase;
			buildActionMask = 2147483647;
			files = (
				D44BF45C2777D97000E2FCE1 /* SpritePool.xcassets in Resources */,
				D44BF5AB2777E8FF00E2FCE1 /* swiftlint.sh in Resources */,
				D44BF5A52777E65F00E2FCE1 /* LICENSE in Resources */,
				D44BF5A22777E65F00E2FCE1 /* README.md in Resources */,
				D44BF5AA2777E8FF00E2FCE1 /* .swiftlint.yml in Resources */,
				D44BF5A32777E65F00E2FCE1 /* .gitignore in Resources */,
				D44BF5A42777E65F00E2FCE1 /* .overcommit.yml in Resources */,
				D44BF3F02777D8D900E2FCE1 /* Assets.xcassets in Resources */,
			);
			runOnlyForDeploymentPostprocessing = 0;
		};
		D44BF3E72777D8D900E2FCE1 /* Resources */ = {
			isa = PBXResourcesBuildPhase;
			buildActionMask = 2147483647;
			files = (
				D44BF45D2777D97000E2FCE1 /* SpritePool.xcassets in Resources */,
				D44BF3F12777D8D900E2FCE1 /* Assets.xcassets in Resources */,
			);
			runOnlyForDeploymentPostprocessing = 0;
		};
/* End PBXResourcesBuildPhase section */

/* Begin PBXShellScriptBuildPhase section */
		D44BF5A62777E73700E2FCE1 /* ShellScript */ = {
			isa = PBXShellScriptBuildPhase;
			buildActionMask = 2147483647;
			files = (
			);
			inputFileListPaths = (
			);
			inputPaths = (
			);
			outputFileListPaths = (
			);
			outputPaths = (
			);
			runOnlyForDeploymentPostprocessing = 0;
			shellPath = /bin/sh;
			shellScript = "# Type a script or drag a script file from your workspace to insert its path.\n./swiftlint.sh\n";
		};
		D44BF5A72777E77400E2FCE1 /* ShellScript */ = {
			isa = PBXShellScriptBuildPhase;
			buildActionMask = 2147483647;
			files = (
			);
			inputFileListPaths = (
			);
			inputPaths = (
			);
			outputFileListPaths = (
			);
			outputPaths = (
			);
			runOnlyForDeploymentPostprocessing = 0;
			shellPath = /bin/sh;
			shellScript = "# Type a script or drag a script file from your workspace to insert its path.\n./swiftlint.sh\n";
		};
/* End PBXShellScriptBuildPhase section */

/* Begin PBXSourcesBuildPhase section */
		D44BF3DF2777D8D900E2FCE1 /* Sources */ = {
			isa = PBXSourcesBuildPhase;
			buildActionMask = 2147483647;
			files = (
				D4DBEF7A2795F5950077E3BC /* DeviceOrientation.swift in Sources */,
				D44373D927952704003561E2 /* TumblerSettingsViewInner3.swift in Sources */,
				D46BEC9E278BE1DD0031DA90 /* PixieHarness.swift in Sources */,
				D4F4BBAF277CF7B00049035F /* TumblerSettingsViewInner.swift in Sources */,
				D47A856027977CAA00E6123C /* ArenaDiagram.swift in Sources */,
				D4C19ECE277FDE73000E7A4B /* TumblerSettingsSliders.swift in Sources */,
				D4F4BBB5277CFD5A0049035F /* TumblerSettingsViewOuter.swift in Sources */,
				D43BF2F3278B0FA50035FDEA /* DrawingBelle.swift in Sources */,
				D4F4BBCD277D001E0049035F /* RollModePicker.swift in Sources */,
				D4D33BF6278610DF0027A66E /* RollRelationshipPicker.swift in Sources */,
				D44BF3EE2777D8D900E2FCE1 /* ContentView.swift in Sources */,
				D43BF2D7278942CB0035FDEA /* TumblerSettingsModels.swift in Sources */,
				D4A7F91E27925AD5006BE6F9 /* Belle.swift in Sources */,
				D44BF3EC2777D8D900E2FCE1 /* SpirokonApp.swift in Sources */,
				D44BF3FF2777D90400E2FCE1 /* PixoniaScene.swift in Sources */,
				D4F4BB76277C8B270049035F /* UnitCircle.swift in Sources */,
				D46BEC92278B4E570031DA90 /* AppDefinitions.swift in Sources */,
				D44373D327952681003561E2 /* TumblerSettingsViewInner1.swift in Sources */,
				D44373D6279526A9003561E2 /* TumblerSettingsViewInner2.swift in Sources */,
				D43BF2DE278943360035FDEA /* SaveLoad_Old.swift in Sources */,
				D46A671E278E7404003581D4 /* Pixie.swift in Sources */,
				D44BF5562777E04900E2FCE1 /* TumblerSelectorView.swift in Sources */,
				D43BF2EE278A7E0B0035FDEA /* PlatterBelle.swift in Sources */,
				D44BF4532777D95000E2FCE1 /* Extensions.swift in Sources */,
				D4DBEF772795F17D0077E3BC /* ContentView_HPhone.swift in Sources */,
				D47A83FB27961F8F00E6123C /* ContentView_Phone.swift in Sources */,
				D4DBEF7D2795F69D0077E3BC /* ContentView_VPhone.swift in Sources */,
				D47A855E27977A1500E6123C /* SaveLoad.swift in Sources */,
				D4D33BF32785FE7C0027A66E /* SliderStepPicker.swift in Sources */,
				D408C408277A6FEF0053B5F4 /* TumblerSelectorStateMachine.swift in Sources */,
				D44BF5922777E32700E2FCE1 /* TogglesView.swift in Sources */,
				D44BF4012777D90400E2FCE1 /* PixoniaView.swift in Sources */,
				D43BF2CD2789410D0035FDEA /* AppModel.swift in Sources */,
				D44BF45A2777D97000E2FCE1 /* SpritePool.swift in Sources */,
				D408C3FC277A573A0053B5F4 /* YAColor.swift in Sources */,
				D43BF2D9278942CB0035FDEA /* TumblerSettingsObservers.swift in Sources */,
				D43BF2DB278942CB0035FDEA /* TumblerSettingsModel.swift in Sources */,
				D45A93E9277E64E00007401E /* Animator.swift in Sources */,
				D44BF4FF2777DE5A00E2FCE1 /* TumblerSettingsSlider.swift in Sources */,
			);
			runOnlyForDeploymentPostprocessing = 0;
		};
		D44BF3E52777D8D900E2FCE1 /* Sources */ = {
			isa = PBXSourcesBuildPhase;
			buildActionMask = 2147483647;
			files = (
				D4DBEF7B2795F5950077E3BC /* DeviceOrientation.swift in Sources */,
				D44373DA27952704003561E2 /* TumblerSettingsViewInner3.swift in Sources */,
				D46BEC9F278BE1DD0031DA90 /* PixieHarness.swift in Sources */,
				D4F4BBB0277CF7B00049035F /* TumblerSettingsViewInner.swift in Sources */,
				D47A856127977CAA00E6123C /* ArenaDiagram.swift in Sources */,
				D4C19ECF277FDE73000E7A4B /* TumblerSettingsSliders.swift in Sources */,
				D4F4BBB6277CFD5A0049035F /* TumblerSettingsViewOuter.swift in Sources */,
				D43BF2F4278B0FA60035FDEA /* DrawingBelle.swift in Sources */,
				D4F4BBCE277D001E0049035F /* RollModePicker.swift in Sources */,
				D4D33BF7278610DF0027A66E /* RollRelationshipPicker.swift in Sources */,
				D44BF3EF2777D8D900E2FCE1 /* ContentView.swift in Sources */,
				D43BF2D8278942CB0035FDEA /* TumblerSettingsModels.swift in Sources */,
				D4A7F91F27925AD5006BE6F9 /* Belle.swift in Sources */,
				D44BF3ED2777D8D900E2FCE1 /* SpirokonApp.swift in Sources */,
				D44BF4002777D90400E2FCE1 /* PixoniaScene.swift in Sources */,
				D4F4BB77277C8B270049035F /* UnitCircle.swift in Sources */,
				D46BEC93278B4E570031DA90 /* AppDefinitions.swift in Sources */,
				D44373D427952681003561E2 /* TumblerSettingsViewInner1.swift in Sources */,
				D44373D7279526A9003561E2 /* TumblerSettingsViewInner2.swift in Sources */,
				D43BF2DF278943360035FDEA /* SaveLoad_Old.swift in Sources */,
				D46A671F278E7404003581D4 /* Pixie.swift in Sources */,
				D44BF5572777E04900E2FCE1 /* TumblerSelectorView.swift in Sources */,
				D43BF2EF278A7E0B0035FDEA /* PlatterBelle.swift in Sources */,
				D44BF4542777D95000E2FCE1 /* Extensions.swift in Sources */,
				D4DBEF782795F17D0077E3BC /* ContentView_HPhone.swift in Sources */,
				D47A83FC27961F8F00E6123C /* ContentView_Phone.swift in Sources */,
				D4DBEF7E2795F69D0077E3BC /* ContentView_VPhone.swift in Sources */,
				D47A855D27977A1500E6123C /* SaveLoad.swift in Sources */,
				D4D33BF42785FE7C0027A66E /* SliderStepPicker.swift in Sources */,
				D408C409277A6FEF0053B5F4 /* TumblerSelectorStateMachine.swift in Sources */,
				D44BF5932777E32700E2FCE1 /* TogglesView.swift in Sources */,
				D44BF4022777D90400E2FCE1 /* PixoniaView.swift in Sources */,
				D43BF2CE2789410D0035FDEA /* AppModel.swift in Sources */,
				D44BF45B2777D97000E2FCE1 /* SpritePool.swift in Sources */,
				D408C3FD277A573A0053B5F4 /* YAColor.swift in Sources */,
				D43BF2DA278942CB0035FDEA /* TumblerSettingsObservers.swift in Sources */,
				D43BF2DC278942CB0035FDEA /* TumblerSettingsModel.swift in Sources */,
				D45A93EA277E64E00007401E /* Animator.swift in Sources */,
				D44BF5002777DE5A00E2FCE1 /* TumblerSettingsSlider.swift in Sources */,
			);
			runOnlyForDeploymentPostprocessing = 0;
		};
/* End PBXSourcesBuildPhase section */

/* Begin XCBuildConfiguration section */
		D44BF3F22777D8D900E2FCE1 /* Debug */ = {
			isa = XCBuildConfiguration;
			buildSettings = {
				ALWAYS_SEARCH_USER_PATHS = NO;
				CLANG_ANALYZER_NONNULL = YES;
				CLANG_ANALYZER_NUMBER_OBJECT_CONVERSION = YES_AGGRESSIVE;
				CLANG_CXX_LANGUAGE_STANDARD = "gnu++17";
				CLANG_CXX_LIBRARY = "libc++";
				CLANG_ENABLE_MODULES = YES;
				CLANG_ENABLE_OBJC_ARC = YES;
				CLANG_ENABLE_OBJC_WEAK = YES;
				CLANG_WARN_BLOCK_CAPTURE_AUTORELEASING = YES;
				CLANG_WARN_BOOL_CONVERSION = YES;
				CLANG_WARN_COMMA = YES;
				CLANG_WARN_CONSTANT_CONVERSION = YES;
				CLANG_WARN_DEPRECATED_OBJC_IMPLEMENTATIONS = YES;
				CLANG_WARN_DIRECT_OBJC_ISA_USAGE = YES_ERROR;
				CLANG_WARN_DOCUMENTATION_COMMENTS = YES;
				CLANG_WARN_EMPTY_BODY = YES;
				CLANG_WARN_ENUM_CONVERSION = YES;
				CLANG_WARN_INFINITE_RECURSION = YES;
				CLANG_WARN_INT_CONVERSION = YES;
				CLANG_WARN_NON_LITERAL_NULL_CONVERSION = YES;
				CLANG_WARN_OBJC_IMPLICIT_RETAIN_SELF = YES;
				CLANG_WARN_OBJC_LITERAL_CONVERSION = YES;
				CLANG_WARN_OBJC_ROOT_CLASS = YES_ERROR;
				CLANG_WARN_QUOTED_INCLUDE_IN_FRAMEWORK_HEADER = YES;
				CLANG_WARN_RANGE_LOOP_ANALYSIS = YES;
				CLANG_WARN_STRICT_PROTOTYPES = YES;
				CLANG_WARN_SUSPICIOUS_MOVE = YES;
				CLANG_WARN_UNGUARDED_AVAILABILITY = YES_AGGRESSIVE;
				CLANG_WARN_UNREACHABLE_CODE = YES;
				CLANG_WARN__DUPLICATE_METHOD_MATCH = YES;
				COPY_PHASE_STRIP = NO;
				DEBUG_INFORMATION_FORMAT = dwarf;
				ENABLE_STRICT_OBJC_MSGSEND = YES;
				ENABLE_TESTABILITY = YES;
				GCC_C_LANGUAGE_STANDARD = gnu11;
				GCC_DYNAMIC_NO_PIC = NO;
				GCC_NO_COMMON_BLOCKS = YES;
				GCC_OPTIMIZATION_LEVEL = 0;
				GCC_PREPROCESSOR_DEFINITIONS = (
					"DEBUG=1",
					"$(inherited)",
				);
				GCC_TREAT_WARNINGS_AS_ERRORS = YES;
				GCC_WARN_64_TO_32_BIT_CONVERSION = YES;
				GCC_WARN_ABOUT_RETURN_TYPE = YES_ERROR;
				GCC_WARN_PEDANTIC = YES;
				GCC_WARN_UNDECLARED_SELECTOR = YES;
				GCC_WARN_UNINITIALIZED_AUTOS = YES_AGGRESSIVE;
				GCC_WARN_UNUSED_FUNCTION = YES;
				GCC_WARN_UNUSED_VARIABLE = YES;
				MTL_ENABLE_DEBUG_INFO = INCLUDE_SOURCE;
				MTL_FAST_MATH = YES;
				ONLY_ACTIVE_ARCH = YES;
				SWIFT_ACTIVE_COMPILATION_CONDITIONS = DEBUG;
				SWIFT_OPTIMIZATION_LEVEL = "-Onone";
				SWIFT_TREAT_WARNINGS_AS_ERRORS = YES;
			};
			name = Debug;
		};
		D44BF3F32777D8D900E2FCE1 /* Release */ = {
			isa = XCBuildConfiguration;
			buildSettings = {
				ALWAYS_SEARCH_USER_PATHS = NO;
				CLANG_ANALYZER_NONNULL = YES;
				CLANG_ANALYZER_NUMBER_OBJECT_CONVERSION = YES_AGGRESSIVE;
				CLANG_CXX_LANGUAGE_STANDARD = "gnu++17";
				CLANG_CXX_LIBRARY = "libc++";
				CLANG_ENABLE_MODULES = YES;
				CLANG_ENABLE_OBJC_ARC = YES;
				CLANG_ENABLE_OBJC_WEAK = YES;
				CLANG_WARN_BLOCK_CAPTURE_AUTORELEASING = YES;
				CLANG_WARN_BOOL_CONVERSION = YES;
				CLANG_WARN_COMMA = YES;
				CLANG_WARN_CONSTANT_CONVERSION = YES;
				CLANG_WARN_DEPRECATED_OBJC_IMPLEMENTATIONS = YES;
				CLANG_WARN_DIRECT_OBJC_ISA_USAGE = YES_ERROR;
				CLANG_WARN_DOCUMENTATION_COMMENTS = YES;
				CLANG_WARN_EMPTY_BODY = YES;
				CLANG_WARN_ENUM_CONVERSION = YES;
				CLANG_WARN_INFINITE_RECURSION = YES;
				CLANG_WARN_INT_CONVERSION = YES;
				CLANG_WARN_NON_LITERAL_NULL_CONVERSION = YES;
				CLANG_WARN_OBJC_IMPLICIT_RETAIN_SELF = YES;
				CLANG_WARN_OBJC_LITERAL_CONVERSION = YES;
				CLANG_WARN_OBJC_ROOT_CLASS = YES_ERROR;
				CLANG_WARN_QUOTED_INCLUDE_IN_FRAMEWORK_HEADER = YES;
				CLANG_WARN_RANGE_LOOP_ANALYSIS = YES;
				CLANG_WARN_STRICT_PROTOTYPES = YES;
				CLANG_WARN_SUSPICIOUS_MOVE = YES;
				CLANG_WARN_UNGUARDED_AVAILABILITY = YES_AGGRESSIVE;
				CLANG_WARN_UNREACHABLE_CODE = YES;
				CLANG_WARN__DUPLICATE_METHOD_MATCH = YES;
				COPY_PHASE_STRIP = NO;
				DEBUG_INFORMATION_FORMAT = "dwarf-with-dsym";
				ENABLE_NS_ASSERTIONS = NO;
				ENABLE_STRICT_OBJC_MSGSEND = YES;
				GCC_C_LANGUAGE_STANDARD = gnu11;
				GCC_NO_COMMON_BLOCKS = YES;
				GCC_TREAT_WARNINGS_AS_ERRORS = YES;
				GCC_WARN_64_TO_32_BIT_CONVERSION = YES;
				GCC_WARN_ABOUT_RETURN_TYPE = YES_ERROR;
				GCC_WARN_PEDANTIC = YES;
				GCC_WARN_UNDECLARED_SELECTOR = YES;
				GCC_WARN_UNINITIALIZED_AUTOS = YES_AGGRESSIVE;
				GCC_WARN_UNUSED_FUNCTION = YES;
				GCC_WARN_UNUSED_VARIABLE = YES;
				MTL_ENABLE_DEBUG_INFO = NO;
				MTL_FAST_MATH = YES;
				SWIFT_COMPILATION_MODE = wholemodule;
				SWIFT_OPTIMIZATION_LEVEL = "-O";
				SWIFT_TREAT_WARNINGS_AS_ERRORS = YES;
			};
			name = Release;
		};
		D44BF3F52777D8D900E2FCE1 /* Debug */ = {
			isa = XCBuildConfiguration;
			buildSettings = {
				ASSETCATALOG_COMPILER_APPICON_NAME = AppIcon;
				ASSETCATALOG_COMPILER_GLOBAL_ACCENT_COLOR_NAME = AccentColor;
				CODE_SIGN_STYLE = Automatic;
				CURRENT_PROJECT_VERSION = 1;
				DEVELOPMENT_TEAM = DD983V4X84;
				ENABLE_PREVIEWS = YES;
				GENERATE_INFOPLIST_FILE = YES;
				INFOPLIST_KEY_UIApplicationSceneManifest_Generation = YES;
				INFOPLIST_KEY_UIApplicationSupportsIndirectInputEvents = YES;
				INFOPLIST_KEY_UILaunchScreen_Generation = YES;
				INFOPLIST_KEY_UISupportedInterfaceOrientations_iPad = "UIInterfaceOrientationPortrait UIInterfaceOrientationPortraitUpsideDown UIInterfaceOrientationLandscapeLeft UIInterfaceOrientationLandscapeRight";
				INFOPLIST_KEY_UISupportedInterfaceOrientations_iPhone = "UIInterfaceOrientationPortrait UIInterfaceOrientationLandscapeLeft UIInterfaceOrientationLandscapeRight";
				IPHONEOS_DEPLOYMENT_TARGET = 15.0;
				LD_RUNPATH_SEARCH_PATHS = (
					"$(inherited)",
					"@executable_path/Frameworks",
				);
				MARKETING_VERSION = 1.0;
				PRODUCT_BUNDLE_IDENTIFIER = com.boringsoftware.Spirokon;
				PRODUCT_NAME = Spirokon;
				SDKROOT = iphoneos;
				SWIFT_EMIT_LOC_STRINGS = YES;
				SWIFT_VERSION = 5.0;
				TARGETED_DEVICE_FAMILY = "1,2";
			};
			name = Debug;
		};
		D44BF3F62777D8D900E2FCE1 /* Release */ = {
			isa = XCBuildConfiguration;
			buildSettings = {
				ASSETCATALOG_COMPILER_APPICON_NAME = AppIcon;
				ASSETCATALOG_COMPILER_GLOBAL_ACCENT_COLOR_NAME = AccentColor;
				CODE_SIGN_STYLE = Automatic;
				CURRENT_PROJECT_VERSION = 1;
				DEVELOPMENT_TEAM = DD983V4X84;
				ENABLE_PREVIEWS = YES;
				GENERATE_INFOPLIST_FILE = YES;
				INFOPLIST_KEY_UIApplicationSceneManifest_Generation = YES;
				INFOPLIST_KEY_UIApplicationSupportsIndirectInputEvents = YES;
				INFOPLIST_KEY_UILaunchScreen_Generation = YES;
				INFOPLIST_KEY_UISupportedInterfaceOrientations_iPad = "UIInterfaceOrientationPortrait UIInterfaceOrientationPortraitUpsideDown UIInterfaceOrientationLandscapeLeft UIInterfaceOrientationLandscapeRight";
				INFOPLIST_KEY_UISupportedInterfaceOrientations_iPhone = "UIInterfaceOrientationPortrait UIInterfaceOrientationLandscapeLeft UIInterfaceOrientationLandscapeRight";
				IPHONEOS_DEPLOYMENT_TARGET = 15.0;
				LD_RUNPATH_SEARCH_PATHS = (
					"$(inherited)",
					"@executable_path/Frameworks",
				);
				MARKETING_VERSION = 1.0;
				PRODUCT_BUNDLE_IDENTIFIER = com.boringsoftware.Spirokon;
				PRODUCT_NAME = Spirokon;
				SDKROOT = iphoneos;
				SWIFT_EMIT_LOC_STRINGS = YES;
				SWIFT_VERSION = 5.0;
				TARGETED_DEVICE_FAMILY = "1,2";
				VALIDATE_PRODUCT = YES;
			};
			name = Release;
		};
		D44BF3F82777D8D900E2FCE1 /* Debug */ = {
			isa = XCBuildConfiguration;
			buildSettings = {
				ASSETCATALOG_COMPILER_APPICON_NAME = AppIcon;
				ASSETCATALOG_COMPILER_GLOBAL_ACCENT_COLOR_NAME = AccentColor;
				CODE_SIGN_ENTITLEMENTS = macOS/macOS.entitlements;
				CODE_SIGN_STYLE = Automatic;
				COMBINE_HIDPI_IMAGES = YES;
				CURRENT_PROJECT_VERSION = 1;
				DEVELOPMENT_TEAM = DD983V4X84;
				ENABLE_HARDENED_RUNTIME = YES;
				ENABLE_PREVIEWS = YES;
				GENERATE_INFOPLIST_FILE = YES;
				INFOPLIST_KEY_NSHumanReadableCopyright = "";
				LD_RUNPATH_SEARCH_PATHS = (
					"$(inherited)",
					"@executable_path/../Frameworks",
				);
				MACOSX_DEPLOYMENT_TARGET = 12.1;
				MARKETING_VERSION = 1.0;
				PRODUCT_BUNDLE_IDENTIFIER = com.boringsoftware.Spirokon;
				PRODUCT_NAME = Spirokon;
				SDKROOT = macosx;
				SWIFT_EMIT_LOC_STRINGS = YES;
				SWIFT_VERSION = 5.0;
			};
			name = Debug;
		};
		D44BF3F92777D8D900E2FCE1 /* Release */ = {
			isa = XCBuildConfiguration;
			buildSettings = {
				ASSETCATALOG_COMPILER_APPICON_NAME = AppIcon;
				ASSETCATALOG_COMPILER_GLOBAL_ACCENT_COLOR_NAME = AccentColor;
				CODE_SIGN_ENTITLEMENTS = macOS/macOS.entitlements;
				CODE_SIGN_STYLE = Automatic;
				COMBINE_HIDPI_IMAGES = YES;
				CURRENT_PROJECT_VERSION = 1;
				DEVELOPMENT_TEAM = DD983V4X84;
				ENABLE_HARDENED_RUNTIME = YES;
				ENABLE_PREVIEWS = YES;
				GENERATE_INFOPLIST_FILE = YES;
				INFOPLIST_KEY_NSHumanReadableCopyright = "";
				LD_RUNPATH_SEARCH_PATHS = (
					"$(inherited)",
					"@executable_path/../Frameworks",
				);
				MACOSX_DEPLOYMENT_TARGET = 12.1;
				MARKETING_VERSION = 1.0;
				PRODUCT_BUNDLE_IDENTIFIER = com.boringsoftware.Spirokon;
				PRODUCT_NAME = Spirokon;
				SDKROOT = macosx;
				SWIFT_EMIT_LOC_STRINGS = YES;
				SWIFT_VERSION = 5.0;
			};
			name = Release;
		};
/* End XCBuildConfiguration section */

/* Begin XCConfigurationList section */
		D44BF3DA2777D8D800E2FCE1 /* Build configuration list for PBXProject "Spirokon" */ = {
			isa = XCConfigurationList;
			buildConfigurations = (
				D44BF3F22777D8D900E2FCE1 /* Debug */,
				D44BF3F32777D8D900E2FCE1 /* Release */,
			);
			defaultConfigurationIsVisible = 0;
			defaultConfigurationName = Release;
		};
		D44BF3F42777D8D900E2FCE1 /* Build configuration list for PBXNativeTarget "Spirokon (iOS)" */ = {
			isa = XCConfigurationList;
			buildConfigurations = (
				D44BF3F52777D8D900E2FCE1 /* Debug */,
				D44BF3F62777D8D900E2FCE1 /* Release */,
			);
			defaultConfigurationIsVisible = 0;
			defaultConfigurationName = Release;
		};
		D44BF3F72777D8D900E2FCE1 /* Build configuration list for PBXNativeTarget "Spirokon (macOS)" */ = {
			isa = XCConfigurationList;
			buildConfigurations = (
				D44BF3F82777D8D900E2FCE1 /* Debug */,
				D44BF3F92777D8D900E2FCE1 /* Release */,
			);
			defaultConfigurationIsVisible = 0;
			defaultConfigurationName = Release;
		};
/* End XCConfigurationList section */

/* Begin XCRemoteSwiftPackageReference section */
		D48A90A02781DFF400884540 /* XCRemoteSwiftPackageReference "Easing" */ = {
			isa = XCRemoteSwiftPackageReference;
			repositoryURL = "https://github.com/manuelCarlos/Easing";
			requirement = {
				branch = main;
				kind = branch;
			};
		};
/* End XCRemoteSwiftPackageReference section */

/* Begin XCSwiftPackageProductDependency section */
		D48A90A12781DFF400884540 /* Easing */ = {
			isa = XCSwiftPackageProductDependency;
			package = D48A90A02781DFF400884540 /* XCRemoteSwiftPackageReference "Easing" */;
			productName = Easing;
		};
		D4A7F92427926ADC006BE6F9 /* Easing */ = {
			isa = XCSwiftPackageProductDependency;
			package = D48A90A02781DFF400884540 /* XCRemoteSwiftPackageReference "Easing" */;
			productName = Easing;
		};
/* End XCSwiftPackageProductDependency section */
	};
	rootObject = D44BF3D72777D8D800E2FCE1 /* Project object */;
}
