// !$*UTF8*$!
{
	archiveVersion = 1;
	classes = {
	};
	objectVersion = 55;
	objects = {

/* Begin PBXBuildFile section */
		D46BEC80278B4DC60031DA90 /* BetterPixiesApp.swift in Sources */ = {isa = PBXBuildFile; fileRef = D46BEC70278B4DC40031DA90 /* BetterPixiesApp.swift */; };
		D46BEC81278B4DC60031DA90 /* BetterPixiesApp.swift in Sources */ = {isa = PBXBuildFile; fileRef = D46BEC70278B4DC40031DA90 /* BetterPixiesApp.swift */; };
		D46BEC82278B4DC60031DA90 /* ContentView.swift in Sources */ = {isa = PBXBuildFile; fileRef = D46BEC71278B4DC40031DA90 /* ContentView.swift */; };
		D46BEC83278B4DC60031DA90 /* ContentView.swift in Sources */ = {isa = PBXBuildFile; fileRef = D46BEC71278B4DC40031DA90 /* ContentView.swift */; };
		D46BEC84278B4DC60031DA90 /* Assets.xcassets in Resources */ = {isa = PBXBuildFile; fileRef = D46BEC72278B4DC60031DA90 /* Assets.xcassets */; };
		D46BEC85278B4DC60031DA90 /* Assets.xcassets in Resources */ = {isa = PBXBuildFile; fileRef = D46BEC72278B4DC60031DA90 /* Assets.xcassets */; };
		D46BEC95278B4E660031DA90 /* AppDefinitions.swift in Sources */ = {isa = PBXBuildFile; fileRef = D46BEC94278B4E660031DA90 /* AppDefinitions.swift */; };
		D46BEC96278B4E660031DA90 /* AppDefinitions.swift in Sources */ = {isa = PBXBuildFile; fileRef = D46BEC94278B4E660031DA90 /* AppDefinitions.swift */; };
		D46BEC98278B4E980031DA90 /* AppModel.swift in Sources */ = {isa = PBXBuildFile; fileRef = D46BEC97278B4E980031DA90 /* AppModel.swift */; };
		D46BEC99278B4E980031DA90 /* AppModel.swift in Sources */ = {isa = PBXBuildFile; fileRef = D46BEC97278B4E980031DA90 /* AppModel.swift */; };
		D46BEC9B278B4F320031DA90 /* TumblerSettingsSlider.swift in Sources */ = {isa = PBXBuildFile; fileRef = D46BEC9A278B4F320031DA90 /* TumblerSettingsSlider.swift */; };
		D46BEC9C278B4F320031DA90 /* TumblerSettingsSlider.swift in Sources */ = {isa = PBXBuildFile; fileRef = D46BEC9A278B4F320031DA90 /* TumblerSettingsSlider.swift */; };
/* End PBXBuildFile section */

/* Begin PBXFileReference section */
		D46BEC70278B4DC40031DA90 /* BetterPixiesApp.swift */ = {isa = PBXFileReference; lastKnownFileType = sourcecode.swift; path = BetterPixiesApp.swift; sourceTree = "<group>"; };
		D46BEC71278B4DC40031DA90 /* ContentView.swift */ = {isa = PBXFileReference; lastKnownFileType = sourcecode.swift; path = ContentView.swift; sourceTree = "<group>"; };
		D46BEC72278B4DC60031DA90 /* Assets.xcassets */ = {isa = PBXFileReference; lastKnownFileType = folder.assetcatalog; path = Assets.xcassets; sourceTree = "<group>"; };
		D46BEC77278B4DC60031DA90 /* BetterPixies.app */ = {isa = PBXFileReference; explicitFileType = wrapper.application; includeInIndex = 0; path = BetterPixies.app; sourceTree = BUILT_PRODUCTS_DIR; };
		D46BEC7D278B4DC60031DA90 /* BetterPixies.app */ = {isa = PBXFileReference; explicitFileType = wrapper.application; includeInIndex = 0; path = BetterPixies.app; sourceTree = BUILT_PRODUCTS_DIR; };
		D46BEC7F278B4DC60031DA90 /* macOS.entitlements */ = {isa = PBXFileReference; lastKnownFileType = text.plist.entitlements; path = macOS.entitlements; sourceTree = "<group>"; };
		D46BEC94278B4E660031DA90 /* AppDefinitions.swift */ = {isa = PBXFileReference; fileEncoding = 4; lastKnownFileType = sourcecode.swift; name = AppDefinitions.swift; path = ../../../Spirokon/Shared/AppDefinitions.swift; sourceTree = "<group>"; };
		D46BEC97278B4E980031DA90 /* AppModel.swift */ = {isa = PBXFileReference; fileEncoding = 4; lastKnownFileType = sourcecode.swift; name = AppModel.swift; path = ../../../Spirokon/Shared/AppModel.swift; sourceTree = "<group>"; };
		D46BEC9A278B4F320031DA90 /* TumblerSettingsSlider.swift */ = {isa = PBXFileReference; fileEncoding = 4; lastKnownFileType = sourcecode.swift; name = TumblerSettingsSlider.swift; path = ../../../Spirokon/Shared/TumblerSettingsSlider.swift; sourceTree = "<group>"; };
/* End PBXFileReference section */

/* Begin PBXFrameworksBuildPhase section */
		D46BEC74278B4DC60031DA90 /* Frameworks */ = {
			isa = PBXFrameworksBuildPhase;
			buildActionMask = 2147483647;
			files = (
			);
			runOnlyForDeploymentPostprocessing = 0;
		};
		D46BEC7A278B4DC60031DA90 /* Frameworks */ = {
			isa = PBXFrameworksBuildPhase;
			buildActionMask = 2147483647;
			files = (
			);
			runOnlyForDeploymentPostprocessing = 0;
		};
/* End PBXFrameworksBuildPhase section */

/* Begin PBXGroup section */
		D46BEC6A278B4DC40031DA90 = {
			isa = PBXGroup;
			children = (
				D46BEC6F278B4DC40031DA90 /* Shared */,
				D46BEC7E278B4DC60031DA90 /* macOS */,
				D46BEC78278B4DC60031DA90 /* Products */,
			);
			sourceTree = "<group>";
		};
		D46BEC6F278B4DC40031DA90 /* Shared */ = {
			isa = PBXGroup;
			children = (
				D46BEC94278B4E660031DA90 /* AppDefinitions.swift */,
				D46BEC97278B4E980031DA90 /* AppModel.swift */,
				D46BEC70278B4DC40031DA90 /* BetterPixiesApp.swift */,
				D46BEC71278B4DC40031DA90 /* ContentView.swift */,
				D46BEC9A278B4F320031DA90 /* TumblerSettingsSlider.swift */,
				D46BEC72278B4DC60031DA90 /* Assets.xcassets */,
			);
			path = Shared;
			sourceTree = "<group>";
		};
		D46BEC78278B4DC60031DA90 /* Products */ = {
			isa = PBXGroup;
			children = (
				D46BEC77278B4DC60031DA90 /* BetterPixies.app */,
				D46BEC7D278B4DC60031DA90 /* BetterPixies.app */,
			);
			name = Products;
			sourceTree = "<group>";
		};
		D46BEC7E278B4DC60031DA90 /* macOS */ = {
			isa = PBXGroup;
			children = (
				D46BEC7F278B4DC60031DA90 /* macOS.entitlements */,
			);
			path = macOS;
			sourceTree = "<group>";
		};
/* End PBXGroup section */

/* Begin PBXNativeTarget section */
		D46BEC76278B4DC60031DA90 /* BetterPixies (iOS) */ = {
			isa = PBXNativeTarget;
			buildConfigurationList = D46BEC88278B4DC60031DA90 /* Build configuration list for PBXNativeTarget "BetterPixies (iOS)" */;
			buildPhases = (
				D46BEC73278B4DC60031DA90 /* Sources */,
				D46BEC74278B4DC60031DA90 /* Frameworks */,
				D46BEC75278B4DC60031DA90 /* Resources */,
			);
			buildRules = (
			);
			dependencies = (
			);
			name = "BetterPixies (iOS)";
			productName = "BetterPixies (iOS)";
			productReference = D46BEC77278B4DC60031DA90 /* BetterPixies.app */;
			productType = "com.apple.product-type.application";
		};
		D46BEC7C278B4DC60031DA90 /* BetterPixies (macOS) */ = {
			isa = PBXNativeTarget;
			buildConfigurationList = D46BEC8B278B4DC60031DA90 /* Build configuration list for PBXNativeTarget "BetterPixies (macOS)" */;
			buildPhases = (
				D46BEC79278B4DC60031DA90 /* Sources */,
				D46BEC7A278B4DC60031DA90 /* Frameworks */,
				D46BEC7B278B4DC60031DA90 /* Resources */,
			);
			buildRules = (
			);
			dependencies = (
			);
			name = "BetterPixies (macOS)";
			productName = "BetterPixies (macOS)";
			productReference = D46BEC7D278B4DC60031DA90 /* BetterPixies.app */;
			productType = "com.apple.product-type.application";
		};
/* End PBXNativeTarget section */

/* Begin PBXProject section */
		D46BEC6B278B4DC40031DA90 /* Project object */ = {
			isa = PBXProject;
			attributes = {
				BuildIndependentTargetsInParallel = 1;
				LastSwiftUpdateCheck = 1320;
				LastUpgradeCheck = 1320;
				TargetAttributes = {
					D46BEC76278B4DC60031DA90 = {
						CreatedOnToolsVersion = 13.2.1;
					};
					D46BEC7C278B4DC60031DA90 = {
						CreatedOnToolsVersion = 13.2.1;
					};
				};
			};
			buildConfigurationList = D46BEC6E278B4DC40031DA90 /* Build configuration list for PBXProject "BetterPixies" */;
			compatibilityVersion = "Xcode 13.0";
			developmentRegion = en;
			hasScannedForEncodings = 0;
			knownRegions = (
				en,
				Base,
			);
			mainGroup = D46BEC6A278B4DC40031DA90;
			productRefGroup = D46BEC78278B4DC60031DA90 /* Products */;
			projectDirPath = "";
			projectRoot = "";
			targets = (
				D46BEC76278B4DC60031DA90 /* BetterPixies (iOS) */,
				D46BEC7C278B4DC60031DA90 /* BetterPixies (macOS) */,
			);
		};
/* End PBXProject section */

/* Begin PBXResourcesBuildPhase section */
		D46BEC75278B4DC60031DA90 /* Resources */ = {
			isa = PBXResourcesBuildPhase;
			buildActionMask = 2147483647;
			files = (
				D46BEC84278B4DC60031DA90 /* Assets.xcassets in Resources */,
			);
			runOnlyForDeploymentPostprocessing = 0;
		};
		D46BEC7B278B4DC60031DA90 /* Resources */ = {
			isa = PBXResourcesBuildPhase;
			buildActionMask = 2147483647;
			files = (
				D46BEC85278B4DC60031DA90 /* Assets.xcassets in Resources */,
			);
			runOnlyForDeploymentPostprocessing = 0;
		};
/* End PBXResourcesBuildPhase section */

/* Begin PBXSourcesBuildPhase section */
		D46BEC73278B4DC60031DA90 /* Sources */ = {
			isa = PBXSourcesBuildPhase;
			buildActionMask = 2147483647;
			files = (
				D46BEC95278B4E660031DA90 /* AppDefinitions.swift in Sources */,
				D46BEC82278B4DC60031DA90 /* ContentView.swift in Sources */,
				D46BEC80278B4DC60031DA90 /* BetterPixiesApp.swift in Sources */,
				D46BEC98278B4E980031DA90 /* AppModel.swift in Sources */,
				D46BEC9B278B4F320031DA90 /* TumblerSettingsSlider.swift in Sources */,
			);
			runOnlyForDeploymentPostprocessing = 0;
		};
		D46BEC79278B4DC60031DA90 /* Sources */ = {
			isa = PBXSourcesBuildPhase;
			buildActionMask = 2147483647;
			files = (
				D46BEC96278B4E660031DA90 /* AppDefinitions.swift in Sources */,
				D46BEC83278B4DC60031DA90 /* ContentView.swift in Sources */,
				D46BEC81278B4DC60031DA90 /* BetterPixiesApp.swift in Sources */,
				D46BEC99278B4E980031DA90 /* AppModel.swift in Sources */,
				D46BEC9C278B4F320031DA90 /* TumblerSettingsSlider.swift in Sources */,
			);
			runOnlyForDeploymentPostprocessing = 0;
		};
/* End PBXSourcesBuildPhase section */

/* Begin XCBuildConfiguration section */
		D46BEC86278B4DC60031DA90 /* Debug */ = {
			isa = XCBuildConfiguration;
			buildSettings = {
				ALWAYS_SEARCH_USER_PATHS = NO;
				CLANG_ANALYZER_NONNULL = YES;
				CLANG_ANALYZER_NUMBER_OBJECT_CONVERSION = YES_AGGRESSIVE;
				CLANG_CXX_LANGUAGE_STANDARD = "gnu++17";
				CLANG_CXX_LIBRARY = "libc++";
				CLANG_ENABLE_MODULES = YES;
				CLANG_ENABLE_OBJC_ARC = YES;
				CLANG_ENABLE_OBJC_WEAK = YES;
				CLANG_WARN_BLOCK_CAPTURE_AUTORELEASING = YES;
				CLANG_WARN_BOOL_CONVERSION = YES;
				CLANG_WARN_COMMA = YES;
				CLANG_WARN_CONSTANT_CONVERSION = YES;
				CLANG_WARN_DEPRECATED_OBJC_IMPLEMENTATIONS = YES;
				CLANG_WARN_DIRECT_OBJC_ISA_USAGE = YES_ERROR;
				CLANG_WARN_DOCUMENTATION_COMMENTS = YES;
				CLANG_WARN_EMPTY_BODY = YES;
				CLANG_WARN_ENUM_CONVERSION = YES;
				CLANG_WARN_INFINITE_RECURSION = YES;
				CLANG_WARN_INT_CONVERSION = YES;
				CLANG_WARN_NON_LITERAL_NULL_CONVERSION = YES;
				CLANG_WARN_OBJC_IMPLICIT_RETAIN_SELF = YES;
				CLANG_WARN_OBJC_LITERAL_CONVERSION = YES;
				CLANG_WARN_OBJC_ROOT_CLASS = YES_ERROR;
				CLANG_WARN_QUOTED_INCLUDE_IN_FRAMEWORK_HEADER = YES;
				CLANG_WARN_RANGE_LOOP_ANALYSIS = YES;
				CLANG_WARN_STRICT_PROTOTYPES = YES;
				CLANG_WARN_SUSPICIOUS_MOVE = YES;
				CLANG_WARN_UNGUARDED_AVAILABILITY = YES_AGGRESSIVE;
				CLANG_WARN_UNREACHABLE_CODE = YES;
				CLANG_WARN__DUPLICATE_METHOD_MATCH = YES;
				COPY_PHASE_STRIP = NO;
				DEBUG_INFORMATION_FORMAT = dwarf;
				ENABLE_STRICT_OBJC_MSGSEND = YES;
				ENABLE_TESTABILITY = YES;
				GCC_C_LANGUAGE_STANDARD = gnu11;
				GCC_DYNAMIC_NO_PIC = NO;
				GCC_NO_COMMON_BLOCKS = YES;
				GCC_OPTIMIZATION_LEVEL = 0;
				GCC_PREPROCESSOR_DEFINITIONS = (
					"DEBUG=1",
					"$(inherited)",
				);
				GCC_WARN_64_TO_32_BIT_CONVERSION = YES;
				GCC_WARN_ABOUT_RETURN_TYPE = YES_ERROR;
				GCC_WARN_UNDECLARED_SELECTOR = YES;
				GCC_WARN_UNINITIALIZED_AUTOS = YES_AGGRESSIVE;
				GCC_WARN_UNUSED_FUNCTION = YES;
				GCC_WARN_UNUSED_VARIABLE = YES;
				MTL_ENABLE_DEBUG_INFO = INCLUDE_SOURCE;
				MTL_FAST_MATH = YES;
				ONLY_ACTIVE_ARCH = YES;
				SWIFT_ACTIVE_COMPILATION_CONDITIONS = DEBUG;
				SWIFT_OPTIMIZATION_LEVEL = "-Onone";
			};
			name = Debug;
		};
		D46BEC87278B4DC60031DA90 /* Release */ = {
			isa = XCBuildConfiguration;
			buildSettings = {
				ALWAYS_SEARCH_USER_PATHS = NO;
				CLANG_ANALYZER_NONNULL = YES;
				CLANG_ANALYZER_NUMBER_OBJECT_CONVERSION = YES_AGGRESSIVE;
				CLANG_CXX_LANGUAGE_STANDARD = "gnu++17";
				CLANG_CXX_LIBRARY = "libc++";
				CLANG_ENABLE_MODULES = YES;
				CLANG_ENABLE_OBJC_ARC = YES;
				CLANG_ENABLE_OBJC_WEAK = YES;
				CLANG_WARN_BLOCK_CAPTURE_AUTORELEASING = YES;
				CLANG_WARN_BOOL_CONVERSION = YES;
				CLANG_WARN_COMMA = YES;
				CLANG_WARN_CONSTANT_CONVERSION = YES;
				CLANG_WARN_DEPRECATED_OBJC_IMPLEMENTATIONS = YES;
				CLANG_WARN_DIRECT_OBJC_ISA_USAGE = YES_ERROR;
				CLANG_WARN_DOCUMENTATION_COMMENTS = YES;
				CLANG_WARN_EMPTY_BODY = YES;
				CLANG_WARN_ENUM_CONVERSION = YES;
				CLANG_WARN_INFINITE_RECURSION = YES;
				CLANG_WARN_INT_CONVERSION = YES;
				CLANG_WARN_NON_LITERAL_NULL_CONVERSION = YES;
				CLANG_WARN_OBJC_IMPLICIT_RETAIN_SELF = YES;
				CLANG_WARN_OBJC_LITERAL_CONVERSION = YES;
				CLANG_WARN_OBJC_ROOT_CLASS = YES_ERROR;
				CLANG_WARN_QUOTED_INCLUDE_IN_FRAMEWORK_HEADER = YES;
				CLANG_WARN_RANGE_LOOP_ANALYSIS = YES;
				CLANG_WARN_STRICT_PROTOTYPES = YES;
				CLANG_WARN_SUSPICIOUS_MOVE = YES;
				CLANG_WARN_UNGUARDED_AVAILABILITY = YES_AGGRESSIVE;
				CLANG_WARN_UNREACHABLE_CODE = YES;
				CLANG_WARN__DUPLICATE_METHOD_MATCH = YES;
				COPY_PHASE_STRIP = NO;
				DEBUG_INFORMATION_FORMAT = "dwarf-with-dsym";
				ENABLE_NS_ASSERTIONS = NO;
				ENABLE_STRICT_OBJC_MSGSEND = YES;
				GCC_C_LANGUAGE_STANDARD = gnu11;
				GCC_NO_COMMON_BLOCKS = YES;
				GCC_WARN_64_TO_32_BIT_CONVERSION = YES;
				GCC_WARN_ABOUT_RETURN_TYPE = YES_ERROR;
				GCC_WARN_UNDECLARED_SELECTOR = YES;
				GCC_WARN_UNINITIALIZED_AUTOS = YES_AGGRESSIVE;
				GCC_WARN_UNUSED_FUNCTION = YES;
				GCC_WARN_UNUSED_VARIABLE = YES;
				MTL_ENABLE_DEBUG_INFO = NO;
				MTL_FAST_MATH = YES;
				SWIFT_COMPILATION_MODE = wholemodule;
				SWIFT_OPTIMIZATION_LEVEL = "-O";
			};
			name = Release;
		};
		D46BEC89278B4DC60031DA90 /* Debug */ = {
			isa = XCBuildConfiguration;
			buildSettings = {
				ASSETCATALOG_COMPILER_APPICON_NAME = AppIcon;
				ASSETCATALOG_COMPILER_GLOBAL_ACCENT_COLOR_NAME = AccentColor;
				CODE_SIGN_STYLE = Automatic;
				CURRENT_PROJECT_VERSION = 1;
				DEVELOPMENT_TEAM = DD983V4X84;
				ENABLE_PREVIEWS = YES;
				GENERATE_INFOPLIST_FILE = YES;
				INFOPLIST_KEY_UIApplicationSceneManifest_Generation = YES;
				INFOPLIST_KEY_UIApplicationSupportsIndirectInputEvents = YES;
				INFOPLIST_KEY_UILaunchScreen_Generation = YES;
				INFOPLIST_KEY_UISupportedInterfaceOrientations_iPad = "UIInterfaceOrientationPortrait UIInterfaceOrientationPortraitUpsideDown UIInterfaceOrientationLandscapeLeft UIInterfaceOrientationLandscapeRight";
				INFOPLIST_KEY_UISupportedInterfaceOrientations_iPhone = "UIInterfaceOrientationPortrait UIInterfaceOrientationLandscapeLeft UIInterfaceOrientationLandscapeRight";
				IPHONEOS_DEPLOYMENT_TARGET = 15.2;
				LD_RUNPATH_SEARCH_PATHS = (
					"$(inherited)",
					"@executable_path/Frameworks",
				);
				MARKETING_VERSION = 1.0;
				PRODUCT_BUNDLE_IDENTIFIER = com.boringsoftware.BetterPixies;
				PRODUCT_NAME = BetterPixies;
				SDKROOT = iphoneos;
				SWIFT_EMIT_LOC_STRINGS = YES;
				SWIFT_VERSION = 5.0;
				TARGETED_DEVICE_FAMILY = "1,2";
			};
			name = Debug;
		};
		D46BEC8A278B4DC60031DA90 /* Release */ = {
			isa = XCBuildConfiguration;
			buildSettings = {
				ASSETCATALOG_COMPILER_APPICON_NAME = AppIcon;
				ASSETCATALOG_COMPILER_GLOBAL_ACCENT_COLOR_NAME = AccentColor;
				CODE_SIGN_STYLE = Automatic;
				CURRENT_PROJECT_VERSION = 1;
				DEVELOPMENT_TEAM = DD983V4X84;
				ENABLE_PREVIEWS = YES;
				GENERATE_INFOPLIST_FILE = YES;
				INFOPLIST_KEY_UIApplicationSceneManifest_Generation = YES;
				INFOPLIST_KEY_UIApplicationSupportsIndirectInputEvents = YES;
				INFOPLIST_KEY_UILaunchScreen_Generation = YES;
				INFOPLIST_KEY_UISupportedInterfaceOrientations_iPad = "UIInterfaceOrientationPortrait UIInterfaceOrientationPortraitUpsideDown UIInterfaceOrientationLandscapeLeft UIInterfaceOrientationLandscapeRight";
				INFOPLIST_KEY_UISupportedInterfaceOrientations_iPhone = "UIInterfaceOrientationPortrait UIInterfaceOrientationLandscapeLeft UIInterfaceOrientationLandscapeRight";
				IPHONEOS_DEPLOYMENT_TARGET = 15.2;
				LD_RUNPATH_SEARCH_PATHS = (
					"$(inherited)",
					"@executable_path/Frameworks",
				);
				MARKETING_VERSION = 1.0;
				PRODUCT_BUNDLE_IDENTIFIER = com.boringsoftware.BetterPixies;
				PRODUCT_NAME = BetterPixies;
				SDKROOT = iphoneos;
				SWIFT_EMIT_LOC_STRINGS = YES;
				SWIFT_VERSION = 5.0;
				TARGETED_DEVICE_FAMILY = "1,2";
				VALIDATE_PRODUCT = YES;
			};
			name = Release;
		};
		D46BEC8C278B4DC60031DA90 /* Debug */ = {
			isa = XCBuildConfiguration;
			buildSettings = {
				ASSETCATALOG_COMPILER_APPICON_NAME = AppIcon;
				ASSETCATALOG_COMPILER_GLOBAL_ACCENT_COLOR_NAME = AccentColor;
				CODE_SIGN_ENTITLEMENTS = macOS/macOS.entitlements;
				CODE_SIGN_STYLE = Automatic;
				COMBINE_HIDPI_IMAGES = YES;
				CURRENT_PROJECT_VERSION = 1;
				DEVELOPMENT_TEAM = DD983V4X84;
				ENABLE_HARDENED_RUNTIME = YES;
				ENABLE_PREVIEWS = YES;
				GENERATE_INFOPLIST_FILE = YES;
				INFOPLIST_KEY_NSHumanReadableCopyright = "";
				LD_RUNPATH_SEARCH_PATHS = (
					"$(inherited)",
					"@executable_path/../Frameworks",
				);
				MACOSX_DEPLOYMENT_TARGET = 12.1;
				MARKETING_VERSION = 1.0;
				PRODUCT_BUNDLE_IDENTIFIER = com.boringsoftware.BetterPixies;
				PRODUCT_NAME = BetterPixies;
				SDKROOT = macosx;
				SWIFT_EMIT_LOC_STRINGS = YES;
				SWIFT_VERSION = 5.0;
			};
			name = Debug;
		};
		D46BEC8D278B4DC60031DA90 /* Release */ = {
			isa = XCBuildConfiguration;
			buildSettings = {
				ASSETCATALOG_COMPILER_APPICON_NAME = AppIcon;
				ASSETCATALOG_COMPILER_GLOBAL_ACCENT_COLOR_NAME = AccentColor;
				CODE_SIGN_ENTITLEMENTS = macOS/macOS.entitlements;
				CODE_SIGN_STYLE = Automatic;
				COMBINE_HIDPI_IMAGES = YES;
				CURRENT_PROJECT_VERSION = 1;
				DEVELOPMENT_TEAM = DD983V4X84;
				ENABLE_HARDENED_RUNTIME = YES;
				ENABLE_PREVIEWS = YES;
				GENERATE_INFOPLIST_FILE = YES;
				INFOPLIST_KEY_NSHumanReadableCopyright = "";
				LD_RUNPATH_SEARCH_PATHS = (
					"$(inherited)",
					"@executable_path/../Frameworks",
				);
				MACOSX_DEPLOYMENT_TARGET = 12.1;
				MARKETING_VERSION = 1.0;
				PRODUCT_BUNDLE_IDENTIFIER = com.boringsoftware.BetterPixies;
				PRODUCT_NAME = BetterPixies;
				SDKROOT = macosx;
				SWIFT_EMIT_LOC_STRINGS = YES;
				SWIFT_VERSION = 5.0;
			};
			name = Release;
		};
/* End XCBuildConfiguration section */

/* Begin XCConfigurationList section */
		D46BEC6E278B4DC40031DA90 /* Build configuration list for PBXProject "BetterPixies" */ = {
			isa = XCConfigurationList;
			buildConfigurations = (
				D46BEC86278B4DC60031DA90 /* Debug */,
				D46BEC87278B4DC60031DA90 /* Release */,
			);
			defaultConfigurationIsVisible = 0;
			defaultConfigurationName = Release;
		};
		D46BEC88278B4DC60031DA90 /* Build configuration list for PBXNativeTarget "BetterPixies (iOS)" */ = {
			isa = XCConfigurationList;
			buildConfigurations = (
				D46BEC89278B4DC60031DA90 /* Debug */,
				D46BEC8A278B4DC60031DA90 /* Release */,
			);
			defaultConfigurationIsVisible = 0;
			defaultConfigurationName = Release;
		};
		D46BEC8B278B4DC60031DA90 /* Build configuration list for PBXNativeTarget "BetterPixies (macOS)" */ = {
			isa = XCConfigurationList;
			buildConfigurations = (
				D46BEC8C278B4DC60031DA90 /* Debug */,
				D46BEC8D278B4DC60031DA90 /* Release */,
			);
			defaultConfigurationIsVisible = 0;
			defaultConfigurationName = Release;
		};
/* End XCConfigurationList section */
	};
	rootObject = D46BEC6B278B4DC40031DA90 /* Project object */;
}
