// !$*UTF8*$!
{
	archiveVersion = 1;
	classes = {
	};
	objectVersion = 55;
	objects = {

/* Begin PBXBuildFile section */
		D46A671B278E6C8A003581D4 /* PixieHarness.swift in Sources */ = {isa = PBXBuildFile; fileRef = D46A671A278E6C8A003581D4 /* PixieHarness.swift */; };
		D46A671C278E6C8A003581D4 /* PixieHarness.swift in Sources */ = {isa = PBXBuildFile; fileRef = D46A671A278E6C8A003581D4 /* PixieHarness.swift */; };
		D46BECB6278CB22C0031DA90 /* NewrollApp.swift in Sources */ = {isa = PBXBuildFile; fileRef = D46BECA6278CB22A0031DA90 /* NewrollApp.swift */; };
		D46BECB7278CB22C0031DA90 /* NewrollApp.swift in Sources */ = {isa = PBXBuildFile; fileRef = D46BECA6278CB22A0031DA90 /* NewrollApp.swift */; };
		D46BECB8278CB22C0031DA90 /* ContentView.swift in Sources */ = {isa = PBXBuildFile; fileRef = D46BECA7278CB22A0031DA90 /* ContentView.swift */; };
		D46BECB9278CB22C0031DA90 /* ContentView.swift in Sources */ = {isa = PBXBuildFile; fileRef = D46BECA7278CB22A0031DA90 /* ContentView.swift */; };
		D46BECBA278CB22C0031DA90 /* Assets.xcassets in Resources */ = {isa = PBXBuildFile; fileRef = D46BECA8278CB22C0031DA90 /* Assets.xcassets */; };
		D46BECBB278CB22C0031DA90 /* Assets.xcassets in Resources */ = {isa = PBXBuildFile; fileRef = D46BECA8278CB22C0031DA90 /* Assets.xcassets */; };
		D46BECC7278CB2700031DA90 /* SpritePool.xcassets in Resources */ = {isa = PBXBuildFile; fileRef = D46BECC5278CB2700031DA90 /* SpritePool.xcassets */; };
		D46BECC8278CB2700031DA90 /* SpritePool.xcassets in Resources */ = {isa = PBXBuildFile; fileRef = D46BECC5278CB2700031DA90 /* SpritePool.xcassets */; };
		D46BECC9278CB2700031DA90 /* SpritePool.swift in Sources */ = {isa = PBXBuildFile; fileRef = D46BECC6278CB2700031DA90 /* SpritePool.swift */; };
		D46BECCA278CB2700031DA90 /* SpritePool.swift in Sources */ = {isa = PBXBuildFile; fileRef = D46BECC6278CB2700031DA90 /* SpritePool.swift */; };
		D46BECCC278CC39D0031DA90 /* PixoniaView.swift in Sources */ = {isa = PBXBuildFile; fileRef = D46BECCB278CC39D0031DA90 /* PixoniaView.swift */; };
		D46BECCD278CC39D0031DA90 /* PixoniaView.swift in Sources */ = {isa = PBXBuildFile; fileRef = D46BECCB278CC39D0031DA90 /* PixoniaView.swift */; };
		D46BECCF278CC3CE0031DA90 /* PixoniaScene.swift in Sources */ = {isa = PBXBuildFile; fileRef = D46BECCE278CC3CE0031DA90 /* PixoniaScene.swift */; };
		D46BECD0278CC3CE0031DA90 /* PixoniaScene.swift in Sources */ = {isa = PBXBuildFile; fileRef = D46BECCE278CC3CE0031DA90 /* PixoniaScene.swift */; };
		D46BECD2278CC5780031DA90 /* Extensions.swift in Sources */ = {isa = PBXBuildFile; fileRef = D46BECD1278CC5780031DA90 /* Extensions.swift */; };
		D46BECD3278CC5780031DA90 /* Extensions.swift in Sources */ = {isa = PBXBuildFile; fileRef = D46BECD1278CC5780031DA90 /* Extensions.swift */; };
		D46BECD5278CC5C70031DA90 /* UnitCircle.swift in Sources */ = {isa = PBXBuildFile; fileRef = D46BECD4278CC5C70031DA90 /* UnitCircle.swift */; };
		D46BECD6278CC5C70031DA90 /* UnitCircle.swift in Sources */ = {isa = PBXBuildFile; fileRef = D46BECD4278CC5C70031DA90 /* UnitCircle.swift */; };
		D46BECD8278CE1720031DA90 /* AppDefinitions.swift in Sources */ = {isa = PBXBuildFile; fileRef = D46BECD7278CE1710031DA90 /* AppDefinitions.swift */; };
		D46BECD9278CE1720031DA90 /* AppDefinitions.swift in Sources */ = {isa = PBXBuildFile; fileRef = D46BECD7278CE1710031DA90 /* AppDefinitions.swift */; };
		D46BECDE278CE1AC0031DA90 /* YAColor.swift in Sources */ = {isa = PBXBuildFile; fileRef = D46BECDD278CE1AC0031DA90 /* YAColor.swift */; };
		D46BECDF278CE1AC0031DA90 /* YAColor.swift in Sources */ = {isa = PBXBuildFile; fileRef = D46BECDD278CE1AC0031DA90 /* YAColor.swift */; };
		D4A7F92127925B4E006BE6F9 /* Belle.swift in Sources */ = {isa = PBXBuildFile; fileRef = D4A7F92027925B4E006BE6F9 /* Belle.swift */; };
		D4A7F92227925B4E006BE6F9 /* Belle.swift in Sources */ = {isa = PBXBuildFile; fileRef = D4A7F92027925B4E006BE6F9 /* Belle.swift */; };
/* End PBXBuildFile section */

/* Begin PBXFileReference section */
		D46A671A278E6C8A003581D4 /* PixieHarness.swift */ = {isa = PBXFileReference; lastKnownFileType = sourcecode.swift; path = PixieHarness.swift; sourceTree = "<group>"; };
		D46BECA6278CB22A0031DA90 /* NewrollApp.swift */ = {isa = PBXFileReference; lastKnownFileType = sourcecode.swift; path = NewrollApp.swift; sourceTree = "<group>"; };
		D46BECA7278CB22A0031DA90 /* ContentView.swift */ = {isa = PBXFileReference; lastKnownFileType = sourcecode.swift; path = ContentView.swift; sourceTree = "<group>"; };
		D46BECA8278CB22C0031DA90 /* Assets.xcassets */ = {isa = PBXFileReference; lastKnownFileType = folder.assetcatalog; path = Assets.xcassets; sourceTree = "<group>"; };
		D46BECAD278CB22C0031DA90 /* Newroll.app */ = {isa = PBXFileReference; explicitFileType = wrapper.application; includeInIndex = 0; path = Newroll.app; sourceTree = BUILT_PRODUCTS_DIR; };
		D46BECB3278CB22C0031DA90 /* Newroll.app */ = {isa = PBXFileReference; explicitFileType = wrapper.application; includeInIndex = 0; path = Newroll.app; sourceTree = BUILT_PRODUCTS_DIR; };
		D46BECB5278CB22C0031DA90 /* macOS.entitlements */ = {isa = PBXFileReference; lastKnownFileType = text.plist.entitlements; path = macOS.entitlements; sourceTree = "<group>"; };
		D46BECC5278CB2700031DA90 /* SpritePool.xcassets */ = {isa = PBXFileReference; lastKnownFileType = folder.assetcatalog; path = SpritePool.xcassets; sourceTree = "<group>"; };
		D46BECC6278CB2700031DA90 /* SpritePool.swift */ = {isa = PBXFileReference; fileEncoding = 4; lastKnownFileType = sourcecode.swift; path = SpritePool.swift; sourceTree = "<group>"; };
		D46BECCB278CC39D0031DA90 /* PixoniaView.swift */ = {isa = PBXFileReference; lastKnownFileType = sourcecode.swift; path = PixoniaView.swift; sourceTree = "<group>"; };
		D46BECCE278CC3CE0031DA90 /* PixoniaScene.swift */ = {isa = PBXFileReference; lastKnownFileType = sourcecode.swift; path = PixoniaScene.swift; sourceTree = "<group>"; };
		D46BECD1278CC5780031DA90 /* Extensions.swift */ = {isa = PBXFileReference; lastKnownFileType = sourcecode.swift; path = Extensions.swift; sourceTree = "<group>"; };
		D46BECD4278CC5C70031DA90 /* UnitCircle.swift */ = {isa = PBXFileReference; lastKnownFileType = sourcecode.swift; path = UnitCircle.swift; sourceTree = "<group>"; };
		D46BECD7278CE1710031DA90 /* AppDefinitions.swift */ = {isa = PBXFileReference; fileEncoding = 4; lastKnownFileType = sourcecode.swift; name = AppDefinitions.swift; path = ../../../Spirokon/Shared/AppDefinitions.swift; sourceTree = "<group>"; };
		D46BECDD278CE1AC0031DA90 /* YAColor.swift */ = {isa = PBXFileReference; fileEncoding = 4; lastKnownFileType = sourcecode.swift; name = YAColor.swift; path = ../../../Spirokon/Shared/Primitives/YAColor.swift; sourceTree = "<group>"; };
		D4A7F92027925B4E006BE6F9 /* Belle.swift */ = {isa = PBXFileReference; fileEncoding = 4; lastKnownFileType = sourcecode.swift; name = Belle.swift; path = ../../../Spirokon/Shared/Pixonia/Belle.swift; sourceTree = "<group>"; };
/* End PBXFileReference section */

/* Begin PBXFrameworksBuildPhase section */
		D46BECAA278CB22C0031DA90 /* Frameworks */ = {
			isa = PBXFrameworksBuildPhase;
			buildActionMask = 2147483647;
			files = (
			);
			runOnlyForDeploymentPostprocessing = 0;
		};
		D46BECB0278CB22C0031DA90 /* Frameworks */ = {
			isa = PBXFrameworksBuildPhase;
			buildActionMask = 2147483647;
			files = (
			);
			runOnlyForDeploymentPostprocessing = 0;
		};
/* End PBXFrameworksBuildPhase section */

/* Begin PBXGroup section */
		D46BECA0278CB22A0031DA90 = {
			isa = PBXGroup;
			children = (
				D46BECA5278CB22A0031DA90 /* Shared */,
				D46BECB4278CB22C0031DA90 /* macOS */,
				D46BECAE278CB22C0031DA90 /* Products */,
			);
			sourceTree = "<group>";
		};
		D46BECA5278CB22A0031DA90 /* Shared */ = {
			isa = PBXGroup;
			children = (
				D46BECD7278CE1710031DA90 /* AppDefinitions.swift */,
				D4A7F92027925B4E006BE6F9 /* Belle.swift */,
				D46BECA7278CB22A0031DA90 /* ContentView.swift */,
				D46BECD1278CC5780031DA90 /* Extensions.swift */,
				D46BECA6278CB22A0031DA90 /* NewrollApp.swift */,
				D46A671A278E6C8A003581D4 /* PixieHarness.swift */,
				D46BECCE278CC3CE0031DA90 /* PixoniaScene.swift */,
				D46BECCB278CC39D0031DA90 /* PixoniaView.swift */,
				D46BECD4278CC5C70031DA90 /* UnitCircle.swift */,
				D46BECDD278CE1AC0031DA90 /* YAColor.swift */,
				D46BECC4278CB2700031DA90 /* SpriteKit */,
				D46BECA8278CB22C0031DA90 /* Assets.xcassets */,
			);
			path = Shared;
			sourceTree = "<group>";
		};
		D46BECAE278CB22C0031DA90 /* Products */ = {
			isa = PBXGroup;
			children = (
				D46BECAD278CB22C0031DA90 /* Newroll.app */,
				D46BECB3278CB22C0031DA90 /* Newroll.app */,
			);
			name = Products;
			sourceTree = "<group>";
		};
		D46BECB4278CB22C0031DA90 /* macOS */ = {
			isa = PBXGroup;
			children = (
				D46BECB5278CB22C0031DA90 /* macOS.entitlements */,
			);
			path = macOS;
			sourceTree = "<group>";
		};
		D46BECC4278CB2700031DA90 /* SpriteKit */ = {
			isa = PBXGroup;
			children = (
				D46BECC5278CB2700031DA90 /* SpritePool.xcassets */,
				D46BECC6278CB2700031DA90 /* SpritePool.swift */,
			);
			name = SpriteKit;
			path = ../../../Spirokon/Shared/SpriteKit;
			sourceTree = "<group>";
		};
/* End PBXGroup section */

/* Begin PBXNativeTarget section */
		D46BECAC278CB22C0031DA90 /* Newroll (iOS) */ = {
			isa = PBXNativeTarget;
			buildConfigurationList = D46BECBE278CB22C0031DA90 /* Build configuration list for PBXNativeTarget "Newroll (iOS)" */;
			buildPhases = (
				D46BECA9278CB22C0031DA90 /* Sources */,
				D46BECAA278CB22C0031DA90 /* Frameworks */,
				D46BECAB278CB22C0031DA90 /* Resources */,
			);
			buildRules = (
			);
			dependencies = (
			);
			name = "Newroll (iOS)";
			productName = "Newroll (iOS)";
			productReference = D46BECAD278CB22C0031DA90 /* Newroll.app */;
			productType = "com.apple.product-type.application";
		};
		D46BECB2278CB22C0031DA90 /* Newroll (macOS) */ = {
			isa = PBXNativeTarget;
			buildConfigurationList = D46BECC1278CB22C0031DA90 /* Build configuration list for PBXNativeTarget "Newroll (macOS)" */;
			buildPhases = (
				D46BECAF278CB22C0031DA90 /* Sources */,
				D46BECB0278CB22C0031DA90 /* Frameworks */,
				D46BECB1278CB22C0031DA90 /* Resources */,
			);
			buildRules = (
			);
			dependencies = (
			);
			name = "Newroll (macOS)";
			productName = "Newroll (macOS)";
			productReference = D46BECB3278CB22C0031DA90 /* Newroll.app */;
			productType = "com.apple.product-type.application";
		};
/* End PBXNativeTarget section */

/* Begin PBXProject section */
		D46BECA1278CB22A0031DA90 /* Project object */ = {
			isa = PBXProject;
			attributes = {
				BuildIndependentTargetsInParallel = 1;
				LastSwiftUpdateCheck = 1320;
				LastUpgradeCheck = 1320;
				TargetAttributes = {
					D46BECAC278CB22C0031DA90 = {
						CreatedOnToolsVersion = 13.2.1;
					};
					D46BECB2278CB22C0031DA90 = {
						CreatedOnToolsVersion = 13.2.1;
					};
				};
			};
			buildConfigurationList = D46BECA4278CB22A0031DA90 /* Build configuration list for PBXProject "Newroll" */;
			compatibilityVersion = "Xcode 13.0";
			developmentRegion = en;
			hasScannedForEncodings = 0;
			knownRegions = (
				en,
				Base,
			);
			mainGroup = D46BECA0278CB22A0031DA90;
			productRefGroup = D46BECAE278CB22C0031DA90 /* Products */;
			projectDirPath = "";
			projectRoot = "";
			targets = (
				D46BECAC278CB22C0031DA90 /* Newroll (iOS) */,
				D46BECB2278CB22C0031DA90 /* Newroll (macOS) */,
			);
		};
/* End PBXProject section */

/* Begin PBXResourcesBuildPhase section */
		D46BECAB278CB22C0031DA90 /* Resources */ = {
			isa = PBXResourcesBuildPhase;
			buildActionMask = 2147483647;
			files = (
				D46BECC7278CB2700031DA90 /* SpritePool.xcassets in Resources */,
				D46BECBA278CB22C0031DA90 /* Assets.xcassets in Resources */,
			);
			runOnlyForDeploymentPostprocessing = 0;
		};
		D46BECB1278CB22C0031DA90 /* Resources */ = {
			isa = PBXResourcesBuildPhase;
			buildActionMask = 2147483647;
			files = (
				D46BECC8278CB2700031DA90 /* SpritePool.xcassets in Resources */,
				D46BECBB278CB22C0031DA90 /* Assets.xcassets in Resources */,
			);
			runOnlyForDeploymentPostprocessing = 0;
		};
/* End PBXResourcesBuildPhase section */

/* Begin PBXSourcesBuildPhase section */
		D46BECA9278CB22C0031DA90 /* Sources */ = {
			isa = PBXSourcesBuildPhase;
			buildActionMask = 2147483647;
			files = (
				D46A671B278E6C8A003581D4 /* PixieHarness.swift in Sources */,
				D46BECD5278CC5C70031DA90 /* UnitCircle.swift in Sources */,
				D46BECB8278CB22C0031DA90 /* ContentView.swift in Sources */,
				D46BECD2278CC5780031DA90 /* Extensions.swift in Sources */,
				D46BECB6278CB22C0031DA90 /* NewrollApp.swift in Sources */,
				D46BECDE278CE1AC0031DA90 /* YAColor.swift in Sources */,
				D46BECD8278CE1720031DA90 /* AppDefinitions.swift in Sources */,
				D4A7F92127925B4E006BE6F9 /* Belle.swift in Sources */,
				D46BECC9278CB2700031DA90 /* SpritePool.swift in Sources */,
				D46BECCF278CC3CE0031DA90 /* PixoniaScene.swift in Sources */,
				D46BECCC278CC39D0031DA90 /* PixoniaView.swift in Sources */,
			);
			runOnlyForDeploymentPostprocessing = 0;
		};
		D46BECAF278CB22C0031DA90 /* Sources */ = {
			isa = PBXSourcesBuildPhase;
			buildActionMask = 2147483647;
			files = (
				D46A671C278E6C8A003581D4 /* PixieHarness.swift in Sources */,
				D46BECD6278CC5C70031DA90 /* UnitCircle.swift in Sources */,
				D46BECB9278CB22C0031DA90 /* ContentView.swift in Sources */,
				D46BECD3278CC5780031DA90 /* Extensions.swift in Sources */,
				D46BECB7278CB22C0031DA90 /* NewrollApp.swift in Sources */,
				D46BECDF278CE1AC0031DA90 /* YAColor.swift in Sources */,
				D46BECD9278CE1720031DA90 /* AppDefinitions.swift in Sources */,
				D4A7F92227925B4E006BE6F9 /* Belle.swift in Sources */,
				D46BECCA278CB2700031DA90 /* SpritePool.swift in Sources */,
				D46BECD0278CC3CE0031DA90 /* PixoniaScene.swift in Sources */,
				D46BECCD278CC39D0031DA90 /* PixoniaView.swift in Sources */,
			);
			runOnlyForDeploymentPostprocessing = 0;
		};
/* End PBXSourcesBuildPhase section */

/* Begin XCBuildConfiguration section */
		D46BECBC278CB22C0031DA90 /* Debug */ = {
			isa = XCBuildConfiguration;
			buildSettings = {
				ALWAYS_SEARCH_USER_PATHS = NO;
				CLANG_ANALYZER_NONNULL = YES;
				CLANG_ANALYZER_NUMBER_OBJECT_CONVERSION = YES_AGGRESSIVE;
				CLANG_CXX_LANGUAGE_STANDARD = "gnu++17";
				CLANG_CXX_LIBRARY = "libc++";
				CLANG_ENABLE_MODULES = YES;
				CLANG_ENABLE_OBJC_ARC = YES;
				CLANG_ENABLE_OBJC_WEAK = YES;
				CLANG_WARN_BLOCK_CAPTURE_AUTORELEASING = YES;
				CLANG_WARN_BOOL_CONVERSION = YES;
				CLANG_WARN_COMMA = YES;
				CLANG_WARN_CONSTANT_CONVERSION = YES;
				CLANG_WARN_DEPRECATED_OBJC_IMPLEMENTATIONS = YES;
				CLANG_WARN_DIRECT_OBJC_ISA_USAGE = YES_ERROR;
				CLANG_WARN_DOCUMENTATION_COMMENTS = YES;
				CLANG_WARN_EMPTY_BODY = YES;
				CLANG_WARN_ENUM_CONVERSION = YES;
				CLANG_WARN_INFINITE_RECURSION = YES;
				CLANG_WARN_INT_CONVERSION = YES;
				CLANG_WARN_NON_LITERAL_NULL_CONVERSION = YES;
				CLANG_WARN_OBJC_IMPLICIT_RETAIN_SELF = YES;
				CLANG_WARN_OBJC_LITERAL_CONVERSION = YES;
				CLANG_WARN_OBJC_ROOT_CLASS = YES_ERROR;
				CLANG_WARN_QUOTED_INCLUDE_IN_FRAMEWORK_HEADER = YES;
				CLANG_WARN_RANGE_LOOP_ANALYSIS = YES;
				CLANG_WARN_STRICT_PROTOTYPES = YES;
				CLANG_WARN_SUSPICIOUS_MOVE = YES;
				CLANG_WARN_UNGUARDED_AVAILABILITY = YES_AGGRESSIVE;
				CLANG_WARN_UNREACHABLE_CODE = YES;
				CLANG_WARN__DUPLICATE_METHOD_MATCH = YES;
				COPY_PHASE_STRIP = NO;
				DEBUG_INFORMATION_FORMAT = dwarf;
				ENABLE_STRICT_OBJC_MSGSEND = YES;
				ENABLE_TESTABILITY = YES;
				GCC_C_LANGUAGE_STANDARD = gnu11;
				GCC_DYNAMIC_NO_PIC = NO;
				GCC_NO_COMMON_BLOCKS = YES;
				GCC_OPTIMIZATION_LEVEL = 0;
				GCC_PREPROCESSOR_DEFINITIONS = (
					"DEBUG=1",
					"$(inherited)",
				);
				GCC_WARN_64_TO_32_BIT_CONVERSION = YES;
				GCC_WARN_ABOUT_RETURN_TYPE = YES_ERROR;
				GCC_WARN_UNDECLARED_SELECTOR = YES;
				GCC_WARN_UNINITIALIZED_AUTOS = YES_AGGRESSIVE;
				GCC_WARN_UNUSED_FUNCTION = YES;
				GCC_WARN_UNUSED_VARIABLE = YES;
				MTL_ENABLE_DEBUG_INFO = INCLUDE_SOURCE;
				MTL_FAST_MATH = YES;
				ONLY_ACTIVE_ARCH = YES;
				SWIFT_ACTIVE_COMPILATION_CONDITIONS = DEBUG;
				SWIFT_OPTIMIZATION_LEVEL = "-Onone";
			};
			name = Debug;
		};
		D46BECBD278CB22C0031DA90 /* Release */ = {
			isa = XCBuildConfiguration;
			buildSettings = {
				ALWAYS_SEARCH_USER_PATHS = NO;
				CLANG_ANALYZER_NONNULL = YES;
				CLANG_ANALYZER_NUMBER_OBJECT_CONVERSION = YES_AGGRESSIVE;
				CLANG_CXX_LANGUAGE_STANDARD = "gnu++17";
				CLANG_CXX_LIBRARY = "libc++";
				CLANG_ENABLE_MODULES = YES;
				CLANG_ENABLE_OBJC_ARC = YES;
				CLANG_ENABLE_OBJC_WEAK = YES;
				CLANG_WARN_BLOCK_CAPTURE_AUTORELEASING = YES;
				CLANG_WARN_BOOL_CONVERSION = YES;
				CLANG_WARN_COMMA = YES;
				CLANG_WARN_CONSTANT_CONVERSION = YES;
				CLANG_WARN_DEPRECATED_OBJC_IMPLEMENTATIONS = YES;
				CLANG_WARN_DIRECT_OBJC_ISA_USAGE = YES_ERROR;
				CLANG_WARN_DOCUMENTATION_COMMENTS = YES;
				CLANG_WARN_EMPTY_BODY = YES;
				CLANG_WARN_ENUM_CONVERSION = YES;
				CLANG_WARN_INFINITE_RECURSION = YES;
				CLANG_WARN_INT_CONVERSION = YES;
				CLANG_WARN_NON_LITERAL_NULL_CONVERSION = YES;
				CLANG_WARN_OBJC_IMPLICIT_RETAIN_SELF = YES;
				CLANG_WARN_OBJC_LITERAL_CONVERSION = YES;
				CLANG_WARN_OBJC_ROOT_CLASS = YES_ERROR;
				CLANG_WARN_QUOTED_INCLUDE_IN_FRAMEWORK_HEADER = YES;
				CLANG_WARN_RANGE_LOOP_ANALYSIS = YES;
				CLANG_WARN_STRICT_PROTOTYPES = YES;
				CLANG_WARN_SUSPICIOUS_MOVE = YES;
				CLANG_WARN_UNGUARDED_AVAILABILITY = YES_AGGRESSIVE;
				CLANG_WARN_UNREACHABLE_CODE = YES;
				CLANG_WARN__DUPLICATE_METHOD_MATCH = YES;
				COPY_PHASE_STRIP = NO;
				DEBUG_INFORMATION_FORMAT = "dwarf-with-dsym";
				ENABLE_NS_ASSERTIONS = NO;
				ENABLE_STRICT_OBJC_MSGSEND = YES;
				GCC_C_LANGUAGE_STANDARD = gnu11;
				GCC_NO_COMMON_BLOCKS = YES;
				GCC_WARN_64_TO_32_BIT_CONVERSION = YES;
				GCC_WARN_ABOUT_RETURN_TYPE = YES_ERROR;
				GCC_WARN_UNDECLARED_SELECTOR = YES;
				GCC_WARN_UNINITIALIZED_AUTOS = YES_AGGRESSIVE;
				GCC_WARN_UNUSED_FUNCTION = YES;
				GCC_WARN_UNUSED_VARIABLE = YES;
				MTL_ENABLE_DEBUG_INFO = NO;
				MTL_FAST_MATH = YES;
				SWIFT_COMPILATION_MODE = wholemodule;
				SWIFT_OPTIMIZATION_LEVEL = "-O";
			};
			name = Release;
		};
		D46BECBF278CB22C0031DA90 /* Debug */ = {
			isa = XCBuildConfiguration;
			buildSettings = {
				ASSETCATALOG_COMPILER_APPICON_NAME = AppIcon;
				ASSETCATALOG_COMPILER_GLOBAL_ACCENT_COLOR_NAME = AccentColor;
				CODE_SIGN_STYLE = Automatic;
				CURRENT_PROJECT_VERSION = 1;
				DEVELOPMENT_TEAM = DD983V4X84;
				ENABLE_PREVIEWS = YES;
				GENERATE_INFOPLIST_FILE = YES;
				INFOPLIST_KEY_UIApplicationSceneManifest_Generation = YES;
				INFOPLIST_KEY_UIApplicationSupportsIndirectInputEvents = YES;
				INFOPLIST_KEY_UILaunchScreen_Generation = YES;
				INFOPLIST_KEY_UISupportedInterfaceOrientations_iPad = "UIInterfaceOrientationPortrait UIInterfaceOrientationPortraitUpsideDown UIInterfaceOrientationLandscapeLeft UIInterfaceOrientationLandscapeRight";
				INFOPLIST_KEY_UISupportedInterfaceOrientations_iPhone = "UIInterfaceOrientationPortrait UIInterfaceOrientationLandscapeLeft UIInterfaceOrientationLandscapeRight";
				IPHONEOS_DEPLOYMENT_TARGET = 15.2;
				LD_RUNPATH_SEARCH_PATHS = (
					"$(inherited)",
					"@executable_path/Frameworks",
				);
				MARKETING_VERSION = 1.0;
				PRODUCT_BUNDLE_IDENTIFIER = com.boringsoftware.Newroll;
				PRODUCT_NAME = Newroll;
				SDKROOT = iphoneos;
				SWIFT_EMIT_LOC_STRINGS = YES;
				SWIFT_VERSION = 5.0;
				TARGETED_DEVICE_FAMILY = "1,2";
			};
			name = Debug;
		};
		D46BECC0278CB22C0031DA90 /* Release */ = {
			isa = XCBuildConfiguration;
			buildSettings = {
				ASSETCATALOG_COMPILER_APPICON_NAME = AppIcon;
				ASSETCATALOG_COMPILER_GLOBAL_ACCENT_COLOR_NAME = AccentColor;
				CODE_SIGN_STYLE = Automatic;
				CURRENT_PROJECT_VERSION = 1;
				DEVELOPMENT_TEAM = DD983V4X84;
				ENABLE_PREVIEWS = YES;
				GENERATE_INFOPLIST_FILE = YES;
				INFOPLIST_KEY_UIApplicationSceneManifest_Generation = YES;
				INFOPLIST_KEY_UIApplicationSupportsIndirectInputEvents = YES;
				INFOPLIST_KEY_UILaunchScreen_Generation = YES;
				INFOPLIST_KEY_UISupportedInterfaceOrientations_iPad = "UIInterfaceOrientationPortrait UIInterfaceOrientationPortraitUpsideDown UIInterfaceOrientationLandscapeLeft UIInterfaceOrientationLandscapeRight";
				INFOPLIST_KEY_UISupportedInterfaceOrientations_iPhone = "UIInterfaceOrientationPortrait UIInterfaceOrientationLandscapeLeft UIInterfaceOrientationLandscapeRight";
				IPHONEOS_DEPLOYMENT_TARGET = 15.2;
				LD_RUNPATH_SEARCH_PATHS = (
					"$(inherited)",
					"@executable_path/Frameworks",
				);
				MARKETING_VERSION = 1.0;
				PRODUCT_BUNDLE_IDENTIFIER = com.boringsoftware.Newroll;
				PRODUCT_NAME = Newroll;
				SDKROOT = iphoneos;
				SWIFT_EMIT_LOC_STRINGS = YES;
				SWIFT_VERSION = 5.0;
				TARGETED_DEVICE_FAMILY = "1,2";
				VALIDATE_PRODUCT = YES;
			};
			name = Release;
		};
		D46BECC2278CB22C0031DA90 /* Debug */ = {
			isa = XCBuildConfiguration;
			buildSettings = {
				ASSETCATALOG_COMPILER_APPICON_NAME = AppIcon;
				ASSETCATALOG_COMPILER_GLOBAL_ACCENT_COLOR_NAME = AccentColor;
				CODE_SIGN_ENTITLEMENTS = macOS/macOS.entitlements;
				CODE_SIGN_STYLE = Automatic;
				COMBINE_HIDPI_IMAGES = YES;
				CURRENT_PROJECT_VERSION = 1;
				DEVELOPMENT_TEAM = DD983V4X84;
				ENABLE_HARDENED_RUNTIME = YES;
				ENABLE_PREVIEWS = YES;
				GENERATE_INFOPLIST_FILE = YES;
				INFOPLIST_KEY_NSHumanReadableCopyright = "";
				LD_RUNPATH_SEARCH_PATHS = (
					"$(inherited)",
					"@executable_path/../Frameworks",
				);
				MACOSX_DEPLOYMENT_TARGET = 12.1;
				MARKETING_VERSION = 1.0;
				PRODUCT_BUNDLE_IDENTIFIER = com.boringsoftware.Newroll;
				PRODUCT_NAME = Newroll;
				SDKROOT = macosx;
				SWIFT_EMIT_LOC_STRINGS = YES;
				SWIFT_VERSION = 5.0;
			};
			name = Debug;
		};
		D46BECC3278CB22C0031DA90 /* Release */ = {
			isa = XCBuildConfiguration;
			buildSettings = {
				ASSETCATALOG_COMPILER_APPICON_NAME = AppIcon;
				ASSETCATALOG_COMPILER_GLOBAL_ACCENT_COLOR_NAME = AccentColor;
				CODE_SIGN_ENTITLEMENTS = macOS/macOS.entitlements;
				CODE_SIGN_STYLE = Automatic;
				COMBINE_HIDPI_IMAGES = YES;
				CURRENT_PROJECT_VERSION = 1;
				DEVELOPMENT_TEAM = DD983V4X84;
				ENABLE_HARDENED_RUNTIME = YES;
				ENABLE_PREVIEWS = YES;
				GENERATE_INFOPLIST_FILE = YES;
				INFOPLIST_KEY_NSHumanReadableCopyright = "";
				LD_RUNPATH_SEARCH_PATHS = (
					"$(inherited)",
					"@executable_path/../Frameworks",
				);
				MACOSX_DEPLOYMENT_TARGET = 12.1;
				MARKETING_VERSION = 1.0;
				PRODUCT_BUNDLE_IDENTIFIER = com.boringsoftware.Newroll;
				PRODUCT_NAME = Newroll;
				SDKROOT = macosx;
				SWIFT_EMIT_LOC_STRINGS = YES;
				SWIFT_VERSION = 5.0;
			};
			name = Release;
		};
/* End XCBuildConfiguration section */

/* Begin XCConfigurationList section */
		D46BECA4278CB22A0031DA90 /* Build configuration list for PBXProject "Newroll" */ = {
			isa = XCConfigurationList;
			buildConfigurations = (
				D46BECBC278CB22C0031DA90 /* Debug */,
				D46BECBD278CB22C0031DA90 /* Release */,
			);
			defaultConfigurationIsVisible = 0;
			defaultConfigurationName = Release;
		};
		D46BECBE278CB22C0031DA90 /* Build configuration list for PBXNativeTarget "Newroll (iOS)" */ = {
			isa = XCConfigurationList;
			buildConfigurations = (
				D46BECBF278CB22C0031DA90 /* Debug */,
				D46BECC0278CB22C0031DA90 /* Release */,
			);
			defaultConfigurationIsVisible = 0;
			defaultConfigurationName = Release;
		};
		D46BECC1278CB22C0031DA90 /* Build configuration list for PBXNativeTarget "Newroll (macOS)" */ = {
			isa = XCConfigurationList;
			buildConfigurations = (
				D46BECC2278CB22C0031DA90 /* Debug */,
				D46BECC3278CB22C0031DA90 /* Release */,
			);
			defaultConfigurationIsVisible = 0;
			defaultConfigurationName = Release;
		};
/* End XCConfigurationList section */
	};
	rootObject = D46BECA1278CB22A0031DA90 /* Project object */;
}
