// !$*UTF8*$!
{
	archiveVersion = 1;
	classes = {
	};
	objectVersion = 55;
	objects = {

/* Begin PBXBuildFile section */
		D45A93BF277E4B960007401E /* SmootherApp.swift in Sources */ = {isa = PBXBuildFile; fileRef = D45A93AF277E4B940007401E /* SmootherApp.swift */; };
		D45A93C0277E4B960007401E /* SmootherApp.swift in Sources */ = {isa = PBXBuildFile; fileRef = D45A93AF277E4B940007401E /* SmootherApp.swift */; };
		D45A93C1277E4B960007401E /* ContentView.swift in Sources */ = {isa = PBXBuildFile; fileRef = D45A93B0277E4B940007401E /* ContentView.swift */; };
		D45A93C2277E4B960007401E /* ContentView.swift in Sources */ = {isa = PBXBuildFile; fileRef = D45A93B0277E4B940007401E /* ContentView.swift */; };
		D45A93C3277E4B960007401E /* Assets.xcassets in Resources */ = {isa = PBXBuildFile; fileRef = D45A93B1277E4B960007401E /* Assets.xcassets */; };
		D45A93C4277E4B960007401E /* Assets.xcassets in Resources */ = {isa = PBXBuildFile; fileRef = D45A93B1277E4B960007401E /* Assets.xcassets */; };
		D45A93CE277E4BC20007401E /* TumblerSettingsSlider.swift in Sources */ = {isa = PBXBuildFile; fileRef = D45A93CD277E4BC20007401E /* TumblerSettingsSlider.swift */; };
		D45A93CF277E4BC20007401E /* TumblerSettingsSlider.swift in Sources */ = {isa = PBXBuildFile; fileRef = D45A93CD277E4BC20007401E /* TumblerSettingsSlider.swift */; };
		D45A93D2277E4BDD0007401E /* PixoniaScene.swift in Sources */ = {isa = PBXBuildFile; fileRef = D45A93D0277E4BDD0007401E /* PixoniaScene.swift */; };
		D45A93D3277E4BDD0007401E /* PixoniaScene.swift in Sources */ = {isa = PBXBuildFile; fileRef = D45A93D0277E4BDD0007401E /* PixoniaScene.swift */; };
		D45A93D4277E4BDD0007401E /* PixoniaView.swift in Sources */ = {isa = PBXBuildFile; fileRef = D45A93D1277E4BDD0007401E /* PixoniaView.swift */; };
		D45A93D5277E4BDD0007401E /* PixoniaView.swift in Sources */ = {isa = PBXBuildFile; fileRef = D45A93D1277E4BDD0007401E /* PixoniaView.swift */; };
		D45A93D7277E4C460007401E /* AppState.swift in Sources */ = {isa = PBXBuildFile; fileRef = D45A93D6277E4C460007401E /* AppState.swift */; };
		D45A93D8277E4C460007401E /* AppState.swift in Sources */ = {isa = PBXBuildFile; fileRef = D45A93D6277E4C460007401E /* AppState.swift */; };
		D45A93DE277E4ED90007401E /* SpritePool.swift in Sources */ = {isa = PBXBuildFile; fileRef = D45A93DC277E4ED90007401E /* SpritePool.swift */; };
		D45A93DF277E4ED90007401E /* SpritePool.swift in Sources */ = {isa = PBXBuildFile; fileRef = D45A93DC277E4ED90007401E /* SpritePool.swift */; };
		D45A93E0277E4ED90007401E /* SpritePool.xcassets in Resources */ = {isa = PBXBuildFile; fileRef = D45A93DD277E4ED90007401E /* SpritePool.xcassets */; };
		D45A93E1277E4ED90007401E /* SpritePool.xcassets in Resources */ = {isa = PBXBuildFile; fileRef = D45A93DD277E4ED90007401E /* SpritePool.xcassets */; };
		D45A93E3277E50860007401E /* Extensions.swift in Sources */ = {isa = PBXBuildFile; fileRef = D45A93E2277E50860007401E /* Extensions.swift */; };
		D45A93E4277E50860007401E /* Extensions.swift in Sources */ = {isa = PBXBuildFile; fileRef = D45A93E2277E50860007401E /* Extensions.swift */; };
		D45A93E6277E609B0007401E /* Pixie.swift in Sources */ = {isa = PBXBuildFile; fileRef = D45A93E5277E609B0007401E /* Pixie.swift */; };
		D45A93E7277E609B0007401E /* Pixie.swift in Sources */ = {isa = PBXBuildFile; fileRef = D45A93E5277E609B0007401E /* Pixie.swift */; };
		D45A93EC277E65230007401E /* Animator.swift in Sources */ = {isa = PBXBuildFile; fileRef = D45A93EB277E65230007401E /* Animator.swift */; };
		D45A93ED277E65230007401E /* Animator.swift in Sources */ = {isa = PBXBuildFile; fileRef = D45A93EB277E65230007401E /* Animator.swift */; };
		D45A93EF277E65BB0007401E /* UnitCircle.swift in Sources */ = {isa = PBXBuildFile; fileRef = D45A93EE277E65BB0007401E /* UnitCircle.swift */; };
		D45A93F0277E65BB0007401E /* UnitCircle.swift in Sources */ = {isa = PBXBuildFile; fileRef = D45A93EE277E65BB0007401E /* UnitCircle.swift */; };
		D45A93F2277E66AC0007401E /* YAColor.swift in Sources */ = {isa = PBXBuildFile; fileRef = D45A93F1277E66AC0007401E /* YAColor.swift */; };
		D45A93F3277E66AC0007401E /* YAColor.swift in Sources */ = {isa = PBXBuildFile; fileRef = D45A93F1277E66AC0007401E /* YAColor.swift */; };
/* End PBXBuildFile section */

/* Begin PBXFileReference section */
		D45A93AF277E4B940007401E /* SmootherApp.swift */ = {isa = PBXFileReference; lastKnownFileType = sourcecode.swift; path = SmootherApp.swift; sourceTree = "<group>"; };
		D45A93B0277E4B940007401E /* ContentView.swift */ = {isa = PBXFileReference; lastKnownFileType = sourcecode.swift; path = ContentView.swift; sourceTree = "<group>"; };
		D45A93B1277E4B960007401E /* Assets.xcassets */ = {isa = PBXFileReference; lastKnownFileType = folder.assetcatalog; path = Assets.xcassets; sourceTree = "<group>"; };
		D45A93B6277E4B960007401E /* Smoother.app */ = {isa = PBXFileReference; explicitFileType = wrapper.application; includeInIndex = 0; path = Smoother.app; sourceTree = BUILT_PRODUCTS_DIR; };
		D45A93BC277E4B960007401E /* Smoother.app */ = {isa = PBXFileReference; explicitFileType = wrapper.application; includeInIndex = 0; path = Smoother.app; sourceTree = BUILT_PRODUCTS_DIR; };
		D45A93BE277E4B960007401E /* macOS.entitlements */ = {isa = PBXFileReference; lastKnownFileType = text.plist.entitlements; path = macOS.entitlements; sourceTree = "<group>"; };
		D45A93CD277E4BC20007401E /* TumblerSettingsSlider.swift */ = {isa = PBXFileReference; fileEncoding = 4; lastKnownFileType = sourcecode.swift; name = TumblerSettingsSlider.swift; path = ../../../Spirokon/Shared/TumblerSettingsSlider.swift; sourceTree = "<group>"; };
		D45A93D0277E4BDD0007401E /* PixoniaScene.swift */ = {isa = PBXFileReference; fileEncoding = 4; lastKnownFileType = sourcecode.swift; name = PixoniaScene.swift; path = ../../BetterSelector/Shared/PixoniaScene.swift; sourceTree = "<group>"; };
		D45A93D1277E4BDD0007401E /* PixoniaView.swift */ = {isa = PBXFileReference; fileEncoding = 4; lastKnownFileType = sourcecode.swift; name = PixoniaView.swift; path = ../../BetterSelector/Shared/PixoniaView.swift; sourceTree = "<group>"; };
		D45A93D6277E4C460007401E /* AppState.swift */ = {isa = PBXFileReference; fileEncoding = 4; lastKnownFileType = sourcecode.swift; name = AppState.swift; path = ../../../Spirokon/Shared/AppState.swift; sourceTree = "<group>"; };
		D45A93DC277E4ED90007401E /* SpritePool.swift */ = {isa = PBXFileReference; fileEncoding = 4; lastKnownFileType = sourcecode.swift; name = SpritePool.swift; path = ../../../Spirokon/Shared/SpriteKit/SpritePool.swift; sourceTree = "<group>"; };
		D45A93DD277E4ED90007401E /* SpritePool.xcassets */ = {isa = PBXFileReference; lastKnownFileType = folder.assetcatalog; name = SpritePool.xcassets; path = ../../../Spirokon/Shared/SpriteKit/SpritePool.xcassets; sourceTree = "<group>"; };
		D45A93E2277E50860007401E /* Extensions.swift */ = {isa = PBXFileReference; fileEncoding = 4; lastKnownFileType = sourcecode.swift; name = Extensions.swift; path = ../../../Spirokon/Shared/Primitives/Extensions.swift; sourceTree = "<group>"; };
		D45A93E5277E609B0007401E /* Pixie.swift */ = {isa = PBXFileReference; fileEncoding = 4; lastKnownFileType = sourcecode.swift; name = Pixie.swift; path = ../../../Spirokon/Shared/Pixie.swift; sourceTree = "<group>"; };
		D45A93EB277E65230007401E /* Animator.swift */ = {isa = PBXFileReference; fileEncoding = 4; lastKnownFileType = sourcecode.swift; name = Animator.swift; path = ../../../Spirokon/Shared/Primitives/Animator.swift; sourceTree = "<group>"; };
		D45A93EE277E65BB0007401E /* UnitCircle.swift */ = {isa = PBXFileReference; fileEncoding = 4; lastKnownFileType = sourcecode.swift; name = UnitCircle.swift; path = ../../../Spirokon/Shared/Primitives/UnitCircle.swift; sourceTree = "<group>"; };
		D45A93F1277E66AC0007401E /* YAColor.swift */ = {isa = PBXFileReference; fileEncoding = 4; lastKnownFileType = sourcecode.swift; name = YAColor.swift; path = ../../../Spirokon/Shared/Primitives/YAColor.swift; sourceTree = "<group>"; };
/* End PBXFileReference section */

/* Begin PBXFrameworksBuildPhase section */
		D45A93B3277E4B960007401E /* Frameworks */ = {
			isa = PBXFrameworksBuildPhase;
			buildActionMask = 2147483647;
			files = (
			);
			runOnlyForDeploymentPostprocessing = 0;
		};
		D45A93B9277E4B960007401E /* Frameworks */ = {
			isa = PBXFrameworksBuildPhase;
			buildActionMask = 2147483647;
			files = (
			);
			runOnlyForDeploymentPostprocessing = 0;
		};
/* End PBXFrameworksBuildPhase section */

/* Begin PBXGroup section */
		D45A93A9277E4B940007401E = {
			isa = PBXGroup;
			children = (
				D45A93AE277E4B940007401E /* Shared */,
				D45A93BD277E4B960007401E /* macOS */,
				D45A93B7277E4B960007401E /* Products */,
			);
			sourceTree = "<group>";
		};
		D45A93AE277E4B940007401E /* Shared */ = {
			isa = PBXGroup;
			children = (
				D45A93AF277E4B940007401E /* SmootherApp.swift */,
				D45A93EB277E65230007401E /* Animator.swift */,
				D45A93D6277E4C460007401E /* AppState.swift */,
				D45A93B0277E4B940007401E /* ContentView.swift */,
				D45A93E2277E50860007401E /* Extensions.swift */,
				D45A93E5277E609B0007401E /* Pixie.swift */,
				D45A93D0277E4BDD0007401E /* PixoniaScene.swift */,
				D45A93D1277E4BDD0007401E /* PixoniaView.swift */,
				D45A93DC277E4ED90007401E /* SpritePool.swift */,
				D45A93DD277E4ED90007401E /* SpritePool.xcassets */,
				D45A93CD277E4BC20007401E /* TumblerSettingsSlider.swift */,
				D45A93EE277E65BB0007401E /* UnitCircle.swift */,
				D45A93F1277E66AC0007401E /* YAColor.swift */,
				D45A93B1277E4B960007401E /* Assets.xcassets */,
			);
			path = Shared;
			sourceTree = "<group>";
		};
		D45A93B7277E4B960007401E /* Products */ = {
			isa = PBXGroup;
			children = (
				D45A93B6277E4B960007401E /* Smoother.app */,
				D45A93BC277E4B960007401E /* Smoother.app */,
			);
			name = Products;
			sourceTree = "<group>";
		};
		D45A93BD277E4B960007401E /* macOS */ = {
			isa = PBXGroup;
			children = (
				D45A93BE277E4B960007401E /* macOS.entitlements */,
			);
			path = macOS;
			sourceTree = "<group>";
		};
/* End PBXGroup section */

/* Begin PBXNativeTarget section */
		D45A93B5277E4B960007401E /* Smoother (iOS) */ = {
			isa = PBXNativeTarget;
			buildConfigurationList = D45A93C7277E4B960007401E /* Build configuration list for PBXNativeTarget "Smoother (iOS)" */;
			buildPhases = (
				D45A93B2277E4B960007401E /* Sources */,
				D45A93B3277E4B960007401E /* Frameworks */,
				D45A93B4277E4B960007401E /* Resources */,
			);
			buildRules = (
			);
			dependencies = (
			);
			name = "Smoother (iOS)";
			productName = "Smoother (iOS)";
			productReference = D45A93B6277E4B960007401E /* Smoother.app */;
			productType = "com.apple.product-type.application";
		};
		D45A93BB277E4B960007401E /* Smoother (macOS) */ = {
			isa = PBXNativeTarget;
			buildConfigurationList = D45A93CA277E4B960007401E /* Build configuration list for PBXNativeTarget "Smoother (macOS)" */;
			buildPhases = (
				D45A93B8277E4B960007401E /* Sources */,
				D45A93B9277E4B960007401E /* Frameworks */,
				D45A93BA277E4B960007401E /* Resources */,
			);
			buildRules = (
			);
			dependencies = (
			);
			name = "Smoother (macOS)";
			productName = "Smoother (macOS)";
			productReference = D45A93BC277E4B960007401E /* Smoother.app */;
			productType = "com.apple.product-type.application";
		};
/* End PBXNativeTarget section */

/* Begin PBXProject section */
		D45A93AA277E4B940007401E /* Project object */ = {
			isa = PBXProject;
			attributes = {
				BuildIndependentTargetsInParallel = 1;
				LastSwiftUpdateCheck = 1320;
				LastUpgradeCheck = 1320;
				TargetAttributes = {
					D45A93B5277E4B960007401E = {
						CreatedOnToolsVersion = 13.2.1;
					};
					D45A93BB277E4B960007401E = {
						CreatedOnToolsVersion = 13.2.1;
					};
				};
			};
			buildConfigurationList = D45A93AD277E4B940007401E /* Build configuration list for PBXProject "Smoother" */;
			compatibilityVersion = "Xcode 13.0";
			developmentRegion = en;
			hasScannedForEncodings = 0;
			knownRegions = (
				en,
				Base,
			);
			mainGroup = D45A93A9277E4B940007401E;
			productRefGroup = D45A93B7277E4B960007401E /* Products */;
			projectDirPath = "";
			projectRoot = "";
			targets = (
				D45A93B5277E4B960007401E /* Smoother (iOS) */,
				D45A93BB277E4B960007401E /* Smoother (macOS) */,
			);
		};
/* End PBXProject section */

/* Begin PBXResourcesBuildPhase section */
		D45A93B4277E4B960007401E /* Resources */ = {
			isa = PBXResourcesBuildPhase;
			buildActionMask = 2147483647;
			files = (
				D45A93E0277E4ED90007401E /* SpritePool.xcassets in Resources */,
				D45A93C3277E4B960007401E /* Assets.xcassets in Resources */,
			);
			runOnlyForDeploymentPostprocessing = 0;
		};
		D45A93BA277E4B960007401E /* Resources */ = {
			isa = PBXResourcesBuildPhase;
			buildActionMask = 2147483647;
			files = (
				D45A93E1277E4ED90007401E /* SpritePool.xcassets in Resources */,
				D45A93C4277E4B960007401E /* Assets.xcassets in Resources */,
			);
			runOnlyForDeploymentPostprocessing = 0;
		};
/* End PBXResourcesBuildPhase section */

/* Begin PBXSourcesBuildPhase section */
		D45A93B2277E4B960007401E /* Sources */ = {
			isa = PBXSourcesBuildPhase;
			buildActionMask = 2147483647;
			files = (
				D45A93EC277E65230007401E /* Animator.swift in Sources */,
				D45A93F2277E66AC0007401E /* YAColor.swift in Sources */,
				D45A93C1277E4B960007401E /* ContentView.swift in Sources */,
				D45A93E3277E50860007401E /* Extensions.swift in Sources */,
				D45A93BF277E4B960007401E /* SmootherApp.swift in Sources */,
				D45A93CE277E4BC20007401E /* TumblerSettingsSlider.swift in Sources */,
				D45A93D7277E4C460007401E /* AppState.swift in Sources */,
				D45A93E6277E609B0007401E /* Pixie.swift in Sources */,
				D45A93DE277E4ED90007401E /* SpritePool.swift in Sources */,
				D45A93EF277E65BB0007401E /* UnitCircle.swift in Sources */,
				D45A93D2277E4BDD0007401E /* PixoniaScene.swift in Sources */,
				D45A93D4277E4BDD0007401E /* PixoniaView.swift in Sources */,
			);
			runOnlyForDeploymentPostprocessing = 0;
		};
		D45A93B8277E4B960007401E /* Sources */ = {
			isa = PBXSourcesBuildPhase;
			buildActionMask = 2147483647;
			files = (
				D45A93ED277E65230007401E /* Animator.swift in Sources */,
				D45A93F3277E66AC0007401E /* YAColor.swift in Sources */,
				D45A93C2277E4B960007401E /* ContentView.swift in Sources */,
				D45A93E4277E50860007401E /* Extensions.swift in Sources */,
				D45A93C0277E4B960007401E /* SmootherApp.swift in Sources */,
				D45A93CF277E4BC20007401E /* TumblerSettingsSlider.swift in Sources */,
				D45A93D8277E4C460007401E /* AppState.swift in Sources */,
				D45A93E7277E609B0007401E /* Pixie.swift in Sources */,
				D45A93DF277E4ED90007401E /* SpritePool.swift in Sources */,
				D45A93F0277E65BB0007401E /* UnitCircle.swift in Sources */,
				D45A93D3277E4BDD0007401E /* PixoniaScene.swift in Sources */,
				D45A93D5277E4BDD0007401E /* PixoniaView.swift in Sources */,
			);
			runOnlyForDeploymentPostprocessing = 0;
		};
/* End PBXSourcesBuildPhase section */

/* Begin XCBuildConfiguration section */
		D45A93C5277E4B960007401E /* Debug */ = {
			isa = XCBuildConfiguration;
			buildSettings = {
				ALWAYS_SEARCH_USER_PATHS = NO;
				CLANG_ANALYZER_NONNULL = YES;
				CLANG_ANALYZER_NUMBER_OBJECT_CONVERSION = YES_AGGRESSIVE;
				CLANG_CXX_LANGUAGE_STANDARD = "gnu++17";
				CLANG_CXX_LIBRARY = "libc++";
				CLANG_ENABLE_MODULES = YES;
				CLANG_ENABLE_OBJC_ARC = YES;
				CLANG_ENABLE_OBJC_WEAK = YES;
				CLANG_WARN_BLOCK_CAPTURE_AUTORELEASING = YES;
				CLANG_WARN_BOOL_CONVERSION = YES;
				CLANG_WARN_COMMA = YES;
				CLANG_WARN_CONSTANT_CONVERSION = YES;
				CLANG_WARN_DEPRECATED_OBJC_IMPLEMENTATIONS = YES;
				CLANG_WARN_DIRECT_OBJC_ISA_USAGE = YES_ERROR;
				CLANG_WARN_DOCUMENTATION_COMMENTS = YES;
				CLANG_WARN_EMPTY_BODY = YES;
				CLANG_WARN_ENUM_CONVERSION = YES;
				CLANG_WARN_INFINITE_RECURSION = YES;
				CLANG_WARN_INT_CONVERSION = YES;
				CLANG_WARN_NON_LITERAL_NULL_CONVERSION = YES;
				CLANG_WARN_OBJC_IMPLICIT_RETAIN_SELF = YES;
				CLANG_WARN_OBJC_LITERAL_CONVERSION = YES;
				CLANG_WARN_OBJC_ROOT_CLASS = YES_ERROR;
				CLANG_WARN_QUOTED_INCLUDE_IN_FRAMEWORK_HEADER = YES;
				CLANG_WARN_RANGE_LOOP_ANALYSIS = YES;
				CLANG_WARN_STRICT_PROTOTYPES = YES;
				CLANG_WARN_SUSPICIOUS_MOVE = YES;
				CLANG_WARN_UNGUARDED_AVAILABILITY = YES_AGGRESSIVE;
				CLANG_WARN_UNREACHABLE_CODE = YES;
				CLANG_WARN__DUPLICATE_METHOD_MATCH = YES;
				COPY_PHASE_STRIP = NO;
				DEBUG_INFORMATION_FORMAT = dwarf;
				ENABLE_STRICT_OBJC_MSGSEND = YES;
				ENABLE_TESTABILITY = YES;
				GCC_C_LANGUAGE_STANDARD = gnu11;
				GCC_DYNAMIC_NO_PIC = NO;
				GCC_NO_COMMON_BLOCKS = YES;
				GCC_OPTIMIZATION_LEVEL = 0;
				GCC_PREPROCESSOR_DEFINITIONS = (
					"DEBUG=1",
					"$(inherited)",
				);
				GCC_WARN_64_TO_32_BIT_CONVERSION = YES;
				GCC_WARN_ABOUT_RETURN_TYPE = YES_ERROR;
				GCC_WARN_UNDECLARED_SELECTOR = YES;
				GCC_WARN_UNINITIALIZED_AUTOS = YES_AGGRESSIVE;
				GCC_WARN_UNUSED_FUNCTION = YES;
				GCC_WARN_UNUSED_VARIABLE = YES;
				MTL_ENABLE_DEBUG_INFO = INCLUDE_SOURCE;
				MTL_FAST_MATH = YES;
				ONLY_ACTIVE_ARCH = YES;
				SWIFT_ACTIVE_COMPILATION_CONDITIONS = DEBUG;
				SWIFT_OPTIMIZATION_LEVEL = "-Onone";
			};
			name = Debug;
		};
		D45A93C6277E4B960007401E /* Release */ = {
			isa = XCBuildConfiguration;
			buildSettings = {
				ALWAYS_SEARCH_USER_PATHS = NO;
				CLANG_ANALYZER_NONNULL = YES;
				CLANG_ANALYZER_NUMBER_OBJECT_CONVERSION = YES_AGGRESSIVE;
				CLANG_CXX_LANGUAGE_STANDARD = "gnu++17";
				CLANG_CXX_LIBRARY = "libc++";
				CLANG_ENABLE_MODULES = YES;
				CLANG_ENABLE_OBJC_ARC = YES;
				CLANG_ENABLE_OBJC_WEAK = YES;
				CLANG_WARN_BLOCK_CAPTURE_AUTORELEASING = YES;
				CLANG_WARN_BOOL_CONVERSION = YES;
				CLANG_WARN_COMMA = YES;
				CLANG_WARN_CONSTANT_CONVERSION = YES;
				CLANG_WARN_DEPRECATED_OBJC_IMPLEMENTATIONS = YES;
				CLANG_WARN_DIRECT_OBJC_ISA_USAGE = YES_ERROR;
				CLANG_WARN_DOCUMENTATION_COMMENTS = YES;
				CLANG_WARN_EMPTY_BODY = YES;
				CLANG_WARN_ENUM_CONVERSION = YES;
				CLANG_WARN_INFINITE_RECURSION = YES;
				CLANG_WARN_INT_CONVERSION = YES;
				CLANG_WARN_NON_LITERAL_NULL_CONVERSION = YES;
				CLANG_WARN_OBJC_IMPLICIT_RETAIN_SELF = YES;
				CLANG_WARN_OBJC_LITERAL_CONVERSION = YES;
				CLANG_WARN_OBJC_ROOT_CLASS = YES_ERROR;
				CLANG_WARN_QUOTED_INCLUDE_IN_FRAMEWORK_HEADER = YES;
				CLANG_WARN_RANGE_LOOP_ANALYSIS = YES;
				CLANG_WARN_STRICT_PROTOTYPES = YES;
				CLANG_WARN_SUSPICIOUS_MOVE = YES;
				CLANG_WARN_UNGUARDED_AVAILABILITY = YES_AGGRESSIVE;
				CLANG_WARN_UNREACHABLE_CODE = YES;
				CLANG_WARN__DUPLICATE_METHOD_MATCH = YES;
				COPY_PHASE_STRIP = NO;
				DEBUG_INFORMATION_FORMAT = "dwarf-with-dsym";
				ENABLE_NS_ASSERTIONS = NO;
				ENABLE_STRICT_OBJC_MSGSEND = YES;
				GCC_C_LANGUAGE_STANDARD = gnu11;
				GCC_NO_COMMON_BLOCKS = YES;
				GCC_WARN_64_TO_32_BIT_CONVERSION = YES;
				GCC_WARN_ABOUT_RETURN_TYPE = YES_ERROR;
				GCC_WARN_UNDECLARED_SELECTOR = YES;
				GCC_WARN_UNINITIALIZED_AUTOS = YES_AGGRESSIVE;
				GCC_WARN_UNUSED_FUNCTION = YES;
				GCC_WARN_UNUSED_VARIABLE = YES;
				MTL_ENABLE_DEBUG_INFO = NO;
				MTL_FAST_MATH = YES;
				SWIFT_COMPILATION_MODE = wholemodule;
				SWIFT_OPTIMIZATION_LEVEL = "-O";
			};
			name = Release;
		};
		D45A93C8277E4B960007401E /* Debug */ = {
			isa = XCBuildConfiguration;
			buildSettings = {
				ASSETCATALOG_COMPILER_APPICON_NAME = AppIcon;
				ASSETCATALOG_COMPILER_GLOBAL_ACCENT_COLOR_NAME = AccentColor;
				CODE_SIGN_STYLE = Automatic;
				CURRENT_PROJECT_VERSION = 1;
				DEVELOPMENT_TEAM = DD983V4X84;
				ENABLE_PREVIEWS = YES;
				GENERATE_INFOPLIST_FILE = YES;
				INFOPLIST_KEY_UIApplicationSceneManifest_Generation = YES;
				INFOPLIST_KEY_UIApplicationSupportsIndirectInputEvents = YES;
				INFOPLIST_KEY_UILaunchScreen_Generation = YES;
				INFOPLIST_KEY_UISupportedInterfaceOrientations_iPad = "UIInterfaceOrientationPortrait UIInterfaceOrientationPortraitUpsideDown UIInterfaceOrientationLandscapeLeft UIInterfaceOrientationLandscapeRight";
				INFOPLIST_KEY_UISupportedInterfaceOrientations_iPhone = "UIInterfaceOrientationPortrait UIInterfaceOrientationLandscapeLeft UIInterfaceOrientationLandscapeRight";
				IPHONEOS_DEPLOYMENT_TARGET = 15.2;
				LD_RUNPATH_SEARCH_PATHS = (
					"$(inherited)",
					"@executable_path/Frameworks",
				);
				MARKETING_VERSION = 1.0;
				PRODUCT_BUNDLE_IDENTIFIER = com.boringsoftware.Smoother;
				PRODUCT_NAME = Smoother;
				SDKROOT = iphoneos;
				SWIFT_EMIT_LOC_STRINGS = YES;
				SWIFT_VERSION = 5.0;
				TARGETED_DEVICE_FAMILY = "1,2";
			};
			name = Debug;
		};
		D45A93C9277E4B960007401E /* Release */ = {
			isa = XCBuildConfiguration;
			buildSettings = {
				ASSETCATALOG_COMPILER_APPICON_NAME = AppIcon;
				ASSETCATALOG_COMPILER_GLOBAL_ACCENT_COLOR_NAME = AccentColor;
				CODE_SIGN_STYLE = Automatic;
				CURRENT_PROJECT_VERSION = 1;
				DEVELOPMENT_TEAM = DD983V4X84;
				ENABLE_PREVIEWS = YES;
				GENERATE_INFOPLIST_FILE = YES;
				INFOPLIST_KEY_UIApplicationSceneManifest_Generation = YES;
				INFOPLIST_KEY_UIApplicationSupportsIndirectInputEvents = YES;
				INFOPLIST_KEY_UILaunchScreen_Generation = YES;
				INFOPLIST_KEY_UISupportedInterfaceOrientations_iPad = "UIInterfaceOrientationPortrait UIInterfaceOrientationPortraitUpsideDown UIInterfaceOrientationLandscapeLeft UIInterfaceOrientationLandscapeRight";
				INFOPLIST_KEY_UISupportedInterfaceOrientations_iPhone = "UIInterfaceOrientationPortrait UIInterfaceOrientationLandscapeLeft UIInterfaceOrientationLandscapeRight";
				IPHONEOS_DEPLOYMENT_TARGET = 15.2;
				LD_RUNPATH_SEARCH_PATHS = (
					"$(inherited)",
					"@executable_path/Frameworks",
				);
				MARKETING_VERSION = 1.0;
				PRODUCT_BUNDLE_IDENTIFIER = com.boringsoftware.Smoother;
				PRODUCT_NAME = Smoother;
				SDKROOT = iphoneos;
				SWIFT_EMIT_LOC_STRINGS = YES;
				SWIFT_VERSION = 5.0;
				TARGETED_DEVICE_FAMILY = "1,2";
				VALIDATE_PRODUCT = YES;
			};
			name = Release;
		};
		D45A93CB277E4B960007401E /* Debug */ = {
			isa = XCBuildConfiguration;
			buildSettings = {
				ASSETCATALOG_COMPILER_APPICON_NAME = AppIcon;
				ASSETCATALOG_COMPILER_GLOBAL_ACCENT_COLOR_NAME = AccentColor;
				CODE_SIGN_ENTITLEMENTS = macOS/macOS.entitlements;
				CODE_SIGN_STYLE = Automatic;
				COMBINE_HIDPI_IMAGES = YES;
				CURRENT_PROJECT_VERSION = 1;
				DEVELOPMENT_TEAM = DD983V4X84;
				ENABLE_HARDENED_RUNTIME = YES;
				ENABLE_PREVIEWS = YES;
				GENERATE_INFOPLIST_FILE = YES;
				INFOPLIST_KEY_NSHumanReadableCopyright = "";
				LD_RUNPATH_SEARCH_PATHS = (
					"$(inherited)",
					"@executable_path/../Frameworks",
				);
				MACOSX_DEPLOYMENT_TARGET = 12.1;
				MARKETING_VERSION = 1.0;
				PRODUCT_BUNDLE_IDENTIFIER = com.boringsoftware.Smoother;
				PRODUCT_NAME = Smoother;
				SDKROOT = macosx;
				SWIFT_EMIT_LOC_STRINGS = YES;
				SWIFT_VERSION = 5.0;
			};
			name = Debug;
		};
		D45A93CC277E4B960007401E /* Release */ = {
			isa = XCBuildConfiguration;
			buildSettings = {
				ASSETCATALOG_COMPILER_APPICON_NAME = AppIcon;
				ASSETCATALOG_COMPILER_GLOBAL_ACCENT_COLOR_NAME = AccentColor;
				CODE_SIGN_ENTITLEMENTS = macOS/macOS.entitlements;
				CODE_SIGN_STYLE = Automatic;
				COMBINE_HIDPI_IMAGES = YES;
				CURRENT_PROJECT_VERSION = 1;
				DEVELOPMENT_TEAM = DD983V4X84;
				ENABLE_HARDENED_RUNTIME = YES;
				ENABLE_PREVIEWS = YES;
				GENERATE_INFOPLIST_FILE = YES;
				INFOPLIST_KEY_NSHumanReadableCopyright = "";
				LD_RUNPATH_SEARCH_PATHS = (
					"$(inherited)",
					"@executable_path/../Frameworks",
				);
				MACOSX_DEPLOYMENT_TARGET = 12.1;
				MARKETING_VERSION = 1.0;
				PRODUCT_BUNDLE_IDENTIFIER = com.boringsoftware.Smoother;
				PRODUCT_NAME = Smoother;
				SDKROOT = macosx;
				SWIFT_EMIT_LOC_STRINGS = YES;
				SWIFT_VERSION = 5.0;
			};
			name = Release;
		};
/* End XCBuildConfiguration section */

/* Begin XCConfigurationList section */
		D45A93AD277E4B940007401E /* Build configuration list for PBXProject "Smoother" */ = {
			isa = XCConfigurationList;
			buildConfigurations = (
				D45A93C5277E4B960007401E /* Debug */,
				D45A93C6277E4B960007401E /* Release */,
			);
			defaultConfigurationIsVisible = 0;
			defaultConfigurationName = Release;
		};
		D45A93C7277E4B960007401E /* Build configuration list for PBXNativeTarget "Smoother (iOS)" */ = {
			isa = XCConfigurationList;
			buildConfigurations = (
				D45A93C8277E4B960007401E /* Debug */,
				D45A93C9277E4B960007401E /* Release */,
			);
			defaultConfigurationIsVisible = 0;
			defaultConfigurationName = Release;
		};
		D45A93CA277E4B960007401E /* Build configuration list for PBXNativeTarget "Smoother (macOS)" */ = {
			isa = XCConfigurationList;
			buildConfigurations = (
				D45A93CB277E4B960007401E /* Debug */,
				D45A93CC277E4B960007401E /* Release */,
			);
			defaultConfigurationIsVisible = 0;
			defaultConfigurationName = Release;
		};
/* End XCConfigurationList section */
	};
	rootObject = D45A93AA277E4B940007401E /* Project object */;
}
